{
  "version": 4,
  "terraform_version": "1.4.2",
  "serial": 37,
  "lineage": "9629762f-7a26-d5c1-c132-cfdb3aa55def",
  "outputs": {},
  "resources": [
    {
      "mode": "managed",
      "type": "helm_release",
      "name": "argocd",
      "provider": "provider[\"registry.terraform.io/hashicorp/helm\"]",
      "instances": [
        {
          "schema_version": 1,
          "attributes": {
            "atomic": false,
            "chart": "argo-cd",
            "cleanup_on_fail": false,
            "create_namespace": true,
            "dependency_update": false,
            "description": null,
            "devel": null,
            "disable_crd_hooks": false,
            "disable_openapi_validation": false,
            "disable_webhooks": false,
            "force_update": false,
            "id": "argocd",
            "keyring": null,
            "lint": false,
            "manifest": null,
            "max_history": 0,
            "metadata": [
              {
                "app_version": "v2.11.4",
                "chart": "argo-cd",
                "name": "argocd",
                "namespace": "argocd",
                "revision": 1,
                "values": "{\"global\":{\"resources\":{\"limits\":{\"cpu\":\"500m\",\"memory\":\"512Mi\"},\"requests\":{\"cpu\":\"100m\",\"memory\":\"256Mi\"}}},\"redis\":{\"enabled\":true,\"persistence\":{\"enabled\":true,\"size\":\"2Gi\",\"storageClass\":\"longhorn\"}},\"repoServer\":{\"persistence\":{\"accessMode\":\"ReadWriteOnce\",\"enabled\":true,\"size\":\"5Gi\",\"storageClass\":\"longhorn\"},\"resources\":{\"limits\":{\"cpu\":\"1000m\",\"memory\":\"1Gi\"},\"requests\":{\"cpu\":\"250m\",\"memory\":\"512Mi\"}}},\"server\":{\"extraArgs\":[\"--insecure\"],\"ingress\":{\"annotations\":{\"traefik.ingress.kubernetes.io/router.entrypoints\":\"web\",\"traefik.ingress.kubernetes.io/router.middlewares\":\"traefik-forwarded-proto@kubernetescrd\"},\"enabled\":true,\"hosts\":[\"argo.jirivasm.dev\"],\"ingressClassName\":\"traefik\"}}}",
                "version": "7.3.4"
              }
            ],
            "name": "argocd",
            "namespace": "argocd",
            "pass_credentials": false,
            "postrender": [],
            "recreate_pods": false,
            "render_subchart_notes": true,
            "replace": false,
            "repository": "https://argoproj.github.io/argo-helm",
            "repository_ca_file": null,
            "repository_cert_file": null,
            "repository_key_file": null,
            "repository_password": null,
            "repository_username": null,
            "reset_values": false,
            "reuse_values": false,
            "set": [],
            "set_list": [],
            "set_sensitive": [],
            "skip_crds": false,
            "status": "deployed",
            "timeout": 300,
            "values": [
              "repoServer:\r\n  persistence:\r\n    enabled: true\r\n    storageClass: \"longhorn\"  # Updated to use Longhorn\r\n    accessMode: ReadWriteOnce\r\n    size: 5Gi \r\n  resources:\r\n    limits:\r\n      cpu: \"1000m\"      # Allow it to use a full core during manifest generation\r\n      memory: \"1Gi\"     # Bump this to 1Gi to handle Helm/Git tasks\r\n    requests:\r\n      cpu: \"250m\"\r\n      memory: \"512Mi\"\r\nredis:\r\n  enabled: true\r\n  persistence:\r\n    enabled: true\r\n    storageClass: \"longhorn\"  # Updated to use Longhorn\r\n    size: 2Gi\r\n\r\nserver:\r\n  extraArgs:\r\n    - --insecure # Allows Traefik/Cloudflare to handle SSL\r\n  ingress:\r\n    enabled: true\r\n    ingressClassName: traefik  # Switched from Nginx to Traefik\r\n    hosts:\r\n      - argo.jirivasm.dev\r\n    annotations:\r\n      # Traefik specific annotations\r\n      traefik.ingress.kubernetes.io/router.entrypoints: web\r\n      traefik.ingress.kubernetes.io/router.middlewares: \"traefik-forwarded-proto@kubernetescrd\"\r\n      # If using SSL via Traefik/Cloudflare, you might use:\r\n      # traefik.ingress.kubernetes.io/router.tls: \"true\"\r\n\r\n# Resource limits tailored for your mini PC cluster\r\nglobal:\r\n  resources:\r\n    limits:\r\n      cpu: 500m\r\n      memory: 512Mi\r\n    requests:\r\n      cpu: 100m\r\n      memory: 256Mi"
            ],
            "verify": false,
            "version": "7.3.4",
            "wait": true,
            "wait_for_jobs": false
          },
          "sensitive_attributes": [],
          "private": "eyJzY2hlbWFfdmVyc2lvbiI6IjEifQ==",
          "dependencies": [
            "helm_release.longhorn",
            "null_resource.k3s_master",
            "null_resource.k3s_workers"
          ]
        }
      ]
    },
    {
      "mode": "managed",
      "type": "helm_release",
      "name": "external_secrets",
      "provider": "provider[\"registry.terraform.io/hashicorp/helm\"]",
      "instances": [
        {
          "schema_version": 1,
          "attributes": {
            "atomic": false,
            "chart": "external-secrets",
            "cleanup_on_fail": false,
            "create_namespace": true,
            "dependency_update": false,
            "description": null,
            "devel": null,
            "disable_crd_hooks": false,
            "disable_openapi_validation": false,
            "disable_webhooks": false,
            "force_update": false,
            "id": "external-secrets",
            "keyring": null,
            "lint": false,
            "manifest": null,
            "max_history": 0,
            "metadata": [
              {
                "app_version": "v0.9.13",
                "chart": "external-secrets",
                "name": "external-secrets",
                "namespace": "external-secrets",
                "revision": 1,
                "values": "{\"installCRDs\":true}",
                "version": "0.9.13"
              }
            ],
            "name": "external-secrets",
            "namespace": "external-secrets",
            "pass_credentials": false,
            "postrender": [],
            "recreate_pods": false,
            "render_subchart_notes": true,
            "replace": false,
            "repository": "https://charts.external-secrets.io",
            "repository_ca_file": null,
            "repository_cert_file": null,
            "repository_key_file": null,
            "repository_password": null,
            "repository_username": null,
            "reset_values": false,
            "reuse_values": false,
            "set": [
              {
                "name": "installCRDs",
                "type": "",
                "value": "true"
              }
            ],
            "set_list": [],
            "set_sensitive": [],
            "skip_crds": false,
            "status": "deployed",
            "timeout": 300,
            "values": null,
            "verify": false,
            "version": "0.9.13",
            "wait": true,
            "wait_for_jobs": false
          },
          "sensitive_attributes": [],
          "private": "eyJzY2hlbWFfdmVyc2lvbiI6IjEifQ==",
          "dependencies": [
            "null_resource.k3s_master",
            "null_resource.k3s_workers"
          ]
        }
      ]
    },
    {
      "mode": "managed",
      "type": "helm_release",
      "name": "longhorn",
      "provider": "provider[\"registry.terraform.io/hashicorp/helm\"]",
      "instances": [
        {
          "schema_version": 1,
          "attributes": {
            "atomic": false,
            "chart": "longhorn",
            "cleanup_on_fail": false,
            "create_namespace": true,
            "dependency_update": false,
            "description": null,
            "devel": null,
            "disable_crd_hooks": false,
            "disable_openapi_validation": false,
            "disable_webhooks": false,
            "force_update": false,
            "id": "longhorn",
            "keyring": null,
            "lint": false,
            "manifest": null,
            "max_history": 0,
            "metadata": [
              {
                "app_version": "v1.7.0",
                "chart": "longhorn",
                "name": "longhorn",
                "namespace": "longhorn-system",
                "revision": 1,
                "values": "{}",
                "version": "1.7.0"
              }
            ],
            "name": "longhorn",
            "namespace": "longhorn-system",
            "pass_credentials": false,
            "postrender": [],
            "recreate_pods": false,
            "render_subchart_notes": true,
            "replace": false,
            "repository": "https://charts.longhorn.io",
            "repository_ca_file": null,
            "repository_cert_file": null,
            "repository_key_file": null,
            "repository_password": null,
            "repository_username": null,
            "reset_values": false,
            "reuse_values": false,
            "set": [],
            "set_list": [],
            "set_sensitive": [],
            "skip_crds": false,
            "status": "deployed",
            "timeout": 300,
            "values": null,
            "verify": false,
            "version": "1.7.0",
            "wait": true,
            "wait_for_jobs": false
          },
          "sensitive_attributes": [],
          "private": "eyJzY2hlbWFfdmVyc2lvbiI6IjEifQ==",
          "dependencies": [
            "null_resource.k3s_master",
            "null_resource.k3s_workers"
          ]
        }
      ]
    },
    {
      "mode": "managed",
      "type": "helm_release",
      "name": "vault",
      "provider": "provider[\"registry.terraform.io/hashicorp/helm\"]",
      "instances": [
        {
          "schema_version": 1,
          "attributes": {
            "atomic": false,
            "chart": "vault",
            "cleanup_on_fail": false,
            "create_namespace": true,
            "dependency_update": false,
            "description": null,
            "devel": null,
            "disable_crd_hooks": false,
            "disable_openapi_validation": false,
            "disable_webhooks": false,
            "force_update": false,
            "id": "vault",
            "keyring": null,
            "lint": false,
            "manifest": null,
            "max_history": 0,
            "metadata": [
              {
                "app_version": "1.21.2",
                "chart": "vault",
                "name": "vault",
                "namespace": "hashicorp",
                "revision": 1,
                "values": "{\"server\":{\"dataStorage\":{\"enabled\":true,\"size\":\"5Gi\",\"storageClass\":\"longhorn\"},\"standalone\":{\"config\":\"ui = true\\nlistener \\\"tcp\\\" {\\n  tls_disable = 1\\n  address     = \\\"[::]:8200\\\"\\n  cluster_address = \\\"[::]:8201\\\"\\n}\\nstorage \\\"file\\\" {\\n  path = \\\"/vault/data\\\"\\n}\\n\",\"enabled\":true},\"ui\":{\"enabled\":true,\"serviceType\":\"ClusterIP\"}}}",
                "version": "0.32.0"
              }
            ],
            "name": "vault",
            "namespace": "hashicorp",
            "pass_credentials": false,
            "postrender": [],
            "recreate_pods": false,
            "render_subchart_notes": true,
            "replace": false,
            "repository": "https://helm.releases.hashicorp.com",
            "repository_ca_file": null,
            "repository_cert_file": null,
            "repository_key_file": null,
            "repository_password": null,
            "repository_username": null,
            "reset_values": false,
            "reuse_values": false,
            "set": [],
            "set_list": [],
            "set_sensitive": [],
            "skip_crds": false,
            "status": "deployed",
            "timeout": 300,
            "values": [
              "server:\r\n  # Use Longhorn for persistent storage\r\n  dataStorage:\r\n    enabled: true\r\n    size: 5Gi\r\n    storageClass: \"longhorn\"\r\n      \r\n  # This is the Helm-level UI setting\r\n  ui:\r\n    enabled: true\r\n    serviceType: ClusterIP\r\n      \r\n  standalone:\r\n    enabled: true\r\n    # This nested 'config' block is strictly for Vault's HCL syntax\r\n    config: |\r\n      ui = true\r\n      listener \"tcp\" {\r\n        tls_disable = 1\r\n        address     = \"[::]:8200\"\r\n        cluster_address = \"[::]:8201\"\r\n      }\r\n      storage \"file\" {\r\n        path = \"/vault/data\"\r\n      }\r\n"
            ],
            "verify": false,
            "version": "0.32.0",
            "wait": true,
            "wait_for_jobs": false
          },
          "sensitive_attributes": [],
          "private": "eyJzY2hlbWFfdmVyc2lvbiI6IjEifQ==",
          "dependencies": [
            "helm_release.longhorn",
            "null_resource.k3s_master",
            "null_resource.k3s_workers"
          ]
        }
      ]
    },
    {
      "mode": "managed",
      "type": "kubernetes_deployment",
      "name": "cloudflared",
      "provider": "provider[\"registry.terraform.io/hashicorp/kubernetes\"]",
      "instances": [
        {
          "schema_version": 1,
          "attributes": {
            "id": "networking/cloudflared",
            "metadata": [
              {
                "annotations": {},
                "generate_name": "",
                "generation": 1,
                "labels": {},
                "name": "cloudflared",
                "namespace": "networking",
                "resource_version": "13248",
                "uid": "4b8748f0-847d-4cc7-aeac-2eb4d6a25177"
              }
            ],
            "spec": [
              {
                "min_ready_seconds": 0,
                "paused": false,
                "progress_deadline_seconds": 600,
                "replicas": "1",
                "revision_history_limit": 10,
                "selector": [
                  {
                    "match_expressions": [],
                    "match_labels": {
                      "app": "cloudflared"
                    }
                  }
                ],
                "strategy": [
                  {
                    "rolling_update": [
                      {
                        "max_surge": "25%",
                        "max_unavailable": "25%"
                      }
                    ],
                    "type": "RollingUpdate"
                  }
                ],
                "template": [
                  {
                    "metadata": [
                      {
                        "annotations": {},
                        "generate_name": "",
                        "generation": 0,
                        "labels": {
                          "app": "cloudflared"
                        },
                        "name": "",
                        "namespace": "",
                        "resource_version": "",
                        "uid": ""
                      }
                    ],
                    "spec": [
                      {
                        "active_deadline_seconds": 0,
                        "affinity": [],
                        "automount_service_account_token": true,
                        "container": [
                          {
                            "args": [
                              "tunnel",
                              "--no-autoupdate",
                              "run"
                            ],
                            "command": [],
                            "env": [
                              {
                                "name": "TUNNEL_TOKEN",
                                "value": "",
                                "value_from": [
                                  {
                                    "config_map_key_ref": [],
                                    "field_ref": [],
                                    "resource_field_ref": [],
                                    "secret_key_ref": [
                                      {
                                        "key": "token",
                                        "name": "cloudflare-tunnel-token",
                                        "optional": false
                                      }
                                    ]
                                  }
                                ]
                              }
                            ],
                            "env_from": [],
                            "image": "cloudflare/cloudflared:latest",
                            "image_pull_policy": "Always",
                            "lifecycle": [],
                            "liveness_probe": [],
                            "name": "cloudflared",
                            "port": [],
                            "readiness_probe": [],
                            "resources": [
                              {
                                "limits": {},
                                "requests": {}
                              }
                            ],
                            "security_context": [],
                            "startup_probe": [],
                            "stdin": false,
                            "stdin_once": false,
                            "termination_message_path": "/dev/termination-log",
                            "termination_message_policy": "File",
                            "tty": false,
                            "volume_mount": [],
                            "working_dir": ""
                          }
                        ],
                        "dns_config": [],
                        "dns_policy": "ClusterFirst",
                        "enable_service_links": true,
                        "host_aliases": [],
                        "host_ipc": false,
                        "host_network": false,
                        "host_pid": false,
                        "hostname": "",
                        "image_pull_secrets": [],
                        "init_container": [],
                        "node_name": "",
                        "node_selector": {},
                        "os": [],
                        "priority_class_name": "",
                        "readiness_gate": [],
                        "restart_policy": "Always",
                        "runtime_class_name": "",
                        "scheduler_name": "default-scheduler",
                        "security_context": [],
                        "service_account_name": "",
                        "share_process_namespace": false,
                        "subdomain": "",
                        "termination_grace_period_seconds": 30,
                        "toleration": [],
                        "topology_spread_constraint": [],
                        "volume": []
                      }
                    ]
                  }
                ]
              }
            ],
            "timeouts": null,
            "wait_for_rollout": true
          },
          "sensitive_attributes": [],
          "private": "eyJlMmJmYjczMC1lY2FhLTExZTYtOGY4OC0zNDM2M2JjN2M0YzAiOnsiY3JlYXRlIjo2MDAwMDAwMDAwMDAsImRlbGV0ZSI6NjAwMDAwMDAwMDAwLCJ1cGRhdGUiOjYwMDAwMDAwMDAwMH0sInNjaGVtYV92ZXJzaW9uIjoiMSJ9",
          "dependencies": [
            "kubernetes_namespace.networking",
            "kubernetes_secret.cloudflare_token"
          ]
        }
      ]
    },
    {
      "mode": "managed",
      "type": "kubernetes_manifest",
      "name": "github_external_secret",
      "provider": "provider[\"registry.terraform.io/hashicorp/kubernetes\"]",
      "instances": [
        {
          "schema_version": 1,
          "attributes": {
            "computed_fields": null,
            "field_manager": [],
            "manifest": {
              "value": {
                "apiVersion": "external-secrets.io/v1beta1",
                "kind": "ExternalSecret",
                "metadata": {
                  "name": "argocd-github-creds",
                  "namespace": "argocd"
                },
                "spec": {
                  "data": [
                    {
                      "remoteRef": {
                        "key": "github-creds",
                        "property": "ssh-private-key"
                      },
                      "secretKey": "ssh_key"
                    }
                  ],
                  "secretStoreRef": {
                    "kind": "ClusterSecretStore",
                    "name": "vault-backend"
                  },
                  "target": {
                    "name": "argocd-github-creds",
                    "template": {
                      "data": {
                        "sshPrivateKey": "{{ .ssh_key }}",
                        "type": "git",
                        "url": "git@github.com:jirivasm/vending-infrastructure.git"
                      },
                      "metadata": {
                        "labels": {
                          "argocd.argoproj.io/secret-type": "repository"
                        }
                      }
                    }
                  }
                }
              },
              "type": [
                "object",
                {
                  "apiVersion": "string",
                  "kind": "string",
                  "metadata": [
                    "object",
                    {
                      "name": "string",
                      "namespace": "string"
                    }
                  ],
                  "spec": [
                    "object",
                    {
                      "data": [
                        "tuple",
                        [
                          [
                            "object",
                            {
                              "remoteRef": [
                                "object",
                                {
                                  "key": "string",
                                  "property": "string"
                                }
                              ],
                              "secretKey": "string"
                            }
                          ]
                        ]
                      ],
                      "secretStoreRef": [
                        "object",
                        {
                          "kind": "string",
                          "name": "string"
                        }
                      ],
                      "target": [
                        "object",
                        {
                          "name": "string",
                          "template": [
                            "object",
                            {
                              "data": [
                                "object",
                                {
                                  "sshPrivateKey": "string",
                                  "type": "string",
                                  "url": "string"
                                }
                              ],
                              "metadata": [
                                "object",
                                {
                                  "labels": [
                                    "object",
                                    {
                                      "argocd.argoproj.io/secret-type": "string"
                                    }
                                  ]
                                }
                              ]
                            }
                          ]
                        }
                      ]
                    }
                  ]
                }
              ]
            },
            "object": {
              "value": {
                "apiVersion": "external-secrets.io/v1beta1",
                "kind": "ExternalSecret",
                "metadata": {
                  "annotations": null,
                  "creationTimestamp": null,
                  "deletionGracePeriodSeconds": null,
                  "deletionTimestamp": null,
                  "finalizers": null,
                  "generateName": null,
                  "generation": null,
                  "labels": null,
                  "managedFields": null,
                  "name": "argocd-github-creds",
                  "namespace": "argocd",
                  "ownerReferences": null,
                  "resourceVersion": null,
                  "selfLink": null,
                  "uid": null
                },
                "spec": {
                  "data": [
                    {
                      "remoteRef": {
                        "conversionStrategy": "Default",
                        "decodingStrategy": "None",
                        "key": "github-creds",
                        "metadataPolicy": "None",
                        "property": "ssh-private-key",
                        "version": null
                      },
                      "secretKey": "ssh_key",
                      "sourceRef": {
                        "generatorRef": {
                          "apiVersion": null,
                          "kind": null,
                          "name": null
                        },
                        "storeRef": {
                          "kind": null,
                          "name": null
                        }
                      }
                    }
                  ],
                  "dataFrom": null,
                  "refreshInterval": "1h",
                  "secretStoreRef": {
                    "kind": "ClusterSecretStore",
                    "name": "vault-backend"
                  },
                  "target": {
                    "creationPolicy": "Owner",
                    "deletionPolicy": "Retain",
                    "immutable": null,
                    "name": "argocd-github-creds",
                    "template": {
                      "data": {
                        "sshPrivateKey": "{{ .ssh_key }}",
                        "type": "git",
                        "url": "git@github.com:jirivasm/vending-infrastructure.git"
                      },
                      "engineVersion": "v2",
                      "mergePolicy": "Replace",
                      "metadata": {
                        "annotations": null,
                        "labels": {
                          "argocd.argoproj.io/secret-type": "repository"
                        }
                      },
                      "templateFrom": null,
                      "type": null
                    }
                  }
                }
              },
              "type": [
                "object",
                {
                  "apiVersion": "string",
                  "kind": "string",
                  "metadata": [
                    "object",
                    {
                      "annotations": [
                        "map",
                        "string"
                      ],
                      "creationTimestamp": "string",
                      "deletionGracePeriodSeconds": "number",
                      "deletionTimestamp": "string",
                      "finalizers": [
                        "list",
                        "string"
                      ],
                      "generateName": "string",
                      "generation": "number",
                      "labels": [
                        "map",
                        "string"
                      ],
                      "managedFields": [
                        "tuple",
                        [
                          [
                            "object",
                            {
                              "apiVersion": "string",
                              "fieldsType": "string",
                              "fieldsV1": "dynamic",
                              "manager": "string",
                              "operation": "string",
                              "subresource": "string",
                              "time": "string"
                            }
                          ]
                        ]
                      ],
                      "name": "string",
                      "namespace": "string",
                      "ownerReferences": [
                        "list",
                        [
                          "object",
                          {
                            "apiVersion": "string",
                            "blockOwnerDeletion": "bool",
                            "controller": "bool",
                            "kind": "string",
                            "name": "string",
                            "uid": "string"
                          }
                        ]
                      ],
                      "resourceVersion": "string",
                      "selfLink": "string",
                      "uid": "string"
                    }
                  ],
                  "spec": [
                    "object",
                    {
                      "data": [
                        "list",
                        [
                          "object",
                          {
                            "remoteRef": [
                              "object",
                              {
                                "conversionStrategy": "string",
                                "decodingStrategy": "string",
                                "key": "string",
                                "metadataPolicy": "string",
                                "property": "string",
                                "version": "string"
                              }
                            ],
                            "secretKey": "string",
                            "sourceRef": [
                              "object",
                              {
                                "generatorRef": [
                                  "object",
                                  {
                                    "apiVersion": "string",
                                    "kind": "string",
                                    "name": "string"
                                  }
                                ],
                                "storeRef": [
                                  "object",
                                  {
                                    "kind": "string",
                                    "name": "string"
                                  }
                                ]
                              }
                            ]
                          }
                        ]
                      ],
                      "dataFrom": [
                        "list",
                        [
                          "object",
                          {
                            "extract": [
                              "object",
                              {
                                "conversionStrategy": "string",
                                "decodingStrategy": "string",
                                "key": "string",
                                "metadataPolicy": "string",
                                "property": "string",
                                "version": "string"
                              }
                            ],
                            "find": [
                              "object",
                              {
                                "conversionStrategy": "string",
                                "decodingStrategy": "string",
                                "name": [
                                  "object",
                                  {
                                    "regexp": "string"
                                  }
                                ],
                                "path": "string",
                                "tags": [
                                  "map",
                                  "string"
                                ]
                              }
                            ],
                            "rewrite": [
                              "list",
                              [
                                "object",
                                {
                                  "regexp": [
                                    "object",
                                    {
                                      "source": "string",
                                      "target": "string"
                                    }
                                  ],
                                  "transform": [
                                    "object",
                                    {
                                      "template": "string"
                                    }
                                  ]
                                }
                              ]
                            ],
                            "sourceRef": [
                              "object",
                              {
                                "generatorRef": [
                                  "object",
                                  {
                                    "apiVersion": "string",
                                    "kind": "string",
                                    "name": "string"
                                  }
                                ],
                                "storeRef": [
                                  "object",
                                  {
                                    "kind": "string",
                                    "name": "string"
                                  }
                                ]
                              }
                            ]
                          }
                        ]
                      ],
                      "refreshInterval": "string",
                      "secretStoreRef": [
                        "object",
                        {
                          "kind": "string",
                          "name": "string"
                        }
                      ],
                      "target": [
                        "object",
                        {
                          "creationPolicy": "string",
                          "deletionPolicy": "string",
                          "immutable": "bool",
                          "name": "string",
                          "template": [
                            "object",
                            {
                              "data": [
                                "map",
                                "string"
                              ],
                              "engineVersion": "string",
                              "mergePolicy": "string",
                              "metadata": [
                                "object",
                                {
                                  "annotations": [
                                    "map",
                                    "string"
                                  ],
                                  "labels": [
                                    "map",
                                    "string"
                                  ]
                                }
                              ],
                              "templateFrom": [
                                "list",
                                [
                                  "object",
                                  {
                                    "configMap": [
                                      "object",
                                      {
                                        "items": [
                                          "list",
                                          [
                                            "object",
                                            {
                                              "key": "string",
                                              "templateAs": "string"
                                            }
                                          ]
                                        ],
                                        "name": "string"
                                      }
                                    ],
                                    "literal": "string",
                                    "secret": [
                                      "object",
                                      {
                                        "items": [
                                          "list",
                                          [
                                            "object",
                                            {
                                              "key": "string",
                                              "templateAs": "string"
                                            }
                                          ]
                                        ],
                                        "name": "string"
                                      }
                                    ],
                                    "target": "string"
                                  }
                                ]
                              ],
                              "type": "string"
                            }
                          ]
                        }
                      ]
                    }
                  ]
                }
              ]
            },
            "timeouts": [],
            "wait": [],
            "wait_for": null
          },
          "sensitive_attributes": [],
          "dependencies": [
            "helm_release.external_secrets",
            "helm_release.longhorn",
            "helm_release.vault",
            "kubernetes_manifest.vault_backend",
            "null_resource.k3s_master",
            "null_resource.k3s_workers"
          ]
        }
      ]
    },
    {
      "mode": "managed",
      "type": "kubernetes_manifest",
      "name": "root_app",
      "provider": "provider[\"registry.terraform.io/hashicorp/kubernetes\"]",
      "instances": [
        {
          "schema_version": 1,
          "attributes": {
            "computed_fields": null,
            "field_manager": [],
            "manifest": {
              "value": {
                "apiVersion": "argoproj.io/v1alpha1",
                "kind": "Application",
                "metadata": {
                  "name": "root-app",
                  "namespace": "argocd"
                },
                "spec": {
                  "destination": {
                    "namespace": "argocd",
                    "server": "https://kubernetes.default.svc"
                  },
                  "project": "default",
                  "source": {
                    "path": "bootstrap",
                    "repoURL": "git@github.com:jirivasm/vending-infrastructure.git",
                    "targetRevision": "HEAD"
                  },
                  "syncPolicy": {
                    "automated": {
                      "prune": true,
                      "selfHeal": true
                    },
                    "syncOptions": [
                      "CreateNamespace=true"
                    ]
                  }
                }
              },
              "type": [
                "object",
                {
                  "apiVersion": "string",
                  "kind": "string",
                  "metadata": [
                    "object",
                    {
                      "name": "string",
                      "namespace": "string"
                    }
                  ],
                  "spec": [
                    "object",
                    {
                      "destination": [
                        "object",
                        {
                          "namespace": "string",
                          "server": "string"
                        }
                      ],
                      "project": "string",
                      "source": [
                        "object",
                        {
                          "path": "string",
                          "repoURL": "string",
                          "targetRevision": "string"
                        }
                      ],
                      "syncPolicy": [
                        "object",
                        {
                          "automated": [
                            "object",
                            {
                              "prune": "bool",
                              "selfHeal": "bool"
                            }
                          ],
                          "syncOptions": [
                            "tuple",
                            [
                              "string"
                            ]
                          ]
                        }
                      ]
                    }
                  ]
                }
              ]
            },
            "object": {
              "value": {
                "apiVersion": "argoproj.io/v1alpha1",
                "kind": "Application",
                "metadata": {
                  "annotations": null,
                  "creationTimestamp": null,
                  "deletionGracePeriodSeconds": null,
                  "deletionTimestamp": null,
                  "finalizers": null,
                  "generateName": null,
                  "generation": null,
                  "labels": null,
                  "managedFields": null,
                  "name": "root-app",
                  "namespace": "argocd",
                  "ownerReferences": null,
                  "resourceVersion": null,
                  "selfLink": null,
                  "uid": null
                },
                "operation": {
                  "info": null,
                  "initiatedBy": {
                    "automated": null,
                    "username": null
                  },
                  "retry": {
                    "backoff": {
                      "duration": null,
                      "factor": null,
                      "maxDuration": null
                    },
                    "limit": null
                  },
                  "sync": {
                    "dryRun": null,
                    "manifests": null,
                    "prune": null,
                    "resources": null,
                    "revision": null,
                    "revisions": null,
                    "source": {
                      "chart": null,
                      "directory": {
                        "exclude": null,
                        "include": null,
                        "jsonnet": {
                          "extVars": null,
                          "libs": null,
                          "tlas": null
                        },
                        "recurse": null
                      },
                      "helm": {
                        "fileParameters": null,
                        "ignoreMissingValueFiles": null,
                        "parameters": null,
                        "passCredentials": null,
                        "releaseName": null,
                        "skipCrds": null,
                        "valueFiles": null,
                        "values": null,
                        "valuesObject": null,
                        "version": null
                      },
                      "kustomize": {
                        "commonAnnotations": null,
                        "commonAnnotationsEnvsubst": null,
                        "commonLabels": null,
                        "components": null,
                        "forceCommonAnnotations": null,
                        "forceCommonLabels": null,
                        "images": null,
                        "labelWithoutSelector": null,
                        "namePrefix": null,
                        "nameSuffix": null,
                        "namespace": null,
                        "patches": null,
                        "replicas": null,
                        "version": null
                      },
                      "path": null,
                      "plugin": {
                        "env": null,
                        "name": null,
                        "parameters": null
                      },
                      "ref": null,
                      "repoURL": null,
                      "targetRevision": null
                    },
                    "sources": null,
                    "syncOptions": null,
                    "syncStrategy": {
                      "apply": {
                        "force": null
                      },
                      "hook": {
                        "force": null
                      }
                    }
                  }
                },
                "spec": {
                  "destination": {
                    "name": null,
                    "namespace": "argocd",
                    "server": "https://kubernetes.default.svc"
                  },
                  "ignoreDifferences": null,
                  "info": null,
                  "project": "default",
                  "revisionHistoryLimit": null,
                  "source": {
                    "chart": null,
                    "directory": {
                      "exclude": null,
                      "include": null,
                      "jsonnet": {
                        "extVars": null,
                        "libs": null,
                        "tlas": null
                      },
                      "recurse": null
                    },
                    "helm": {
                      "fileParameters": null,
                      "ignoreMissingValueFiles": null,
                      "parameters": null,
                      "passCredentials": null,
                      "releaseName": null,
                      "skipCrds": null,
                      "valueFiles": null,
                      "values": null,
                      "valuesObject": null,
                      "version": null
                    },
                    "kustomize": {
                      "commonAnnotations": null,
                      "commonAnnotationsEnvsubst": null,
                      "commonLabels": null,
                      "components": null,
                      "forceCommonAnnotations": null,
                      "forceCommonLabels": null,
                      "images": null,
                      "labelWithoutSelector": null,
                      "namePrefix": null,
                      "nameSuffix": null,
                      "namespace": null,
                      "patches": null,
                      "replicas": null,
                      "version": null
                    },
                    "path": "bootstrap",
                    "plugin": {
                      "env": null,
                      "name": null,
                      "parameters": null
                    },
                    "ref": null,
                    "repoURL": "git@github.com:jirivasm/vending-infrastructure.git",
                    "targetRevision": "HEAD"
                  },
                  "sources": null,
                  "syncPolicy": {
                    "automated": {
                      "allowEmpty": null,
                      "prune": true,
                      "selfHeal": true
                    },
                    "managedNamespaceMetadata": {
                      "annotations": null,
                      "labels": null
                    },
                    "retry": {
                      "backoff": {
                        "duration": null,
                        "factor": null,
                        "maxDuration": null
                      },
                      "limit": null
                    },
                    "syncOptions": [
                      "CreateNamespace=true"
                    ]
                  }
                }
              },
              "type": [
                "object",
                {
                  "apiVersion": "string",
                  "kind": "string",
                  "metadata": [
                    "object",
                    {
                      "annotations": [
                        "map",
                        "string"
                      ],
                      "creationTimestamp": "string",
                      "deletionGracePeriodSeconds": "number",
                      "deletionTimestamp": "string",
                      "finalizers": [
                        "list",
                        "string"
                      ],
                      "generateName": "string",
                      "generation": "number",
                      "labels": [
                        "map",
                        "string"
                      ],
                      "managedFields": [
                        "tuple",
                        [
                          [
                            "object",
                            {
                              "apiVersion": "string",
                              "fieldsType": "string",
                              "fieldsV1": "dynamic",
                              "manager": "string",
                              "operation": "string",
                              "subresource": "string",
                              "time": "string"
                            }
                          ]
                        ]
                      ],
                      "name": "string",
                      "namespace": "string",
                      "ownerReferences": [
                        "list",
                        [
                          "object",
                          {
                            "apiVersion": "string",
                            "blockOwnerDeletion": "bool",
                            "controller": "bool",
                            "kind": "string",
                            "name": "string",
                            "uid": "string"
                          }
                        ]
                      ],
                      "resourceVersion": "string",
                      "selfLink": "string",
                      "uid": "string"
                    }
                  ],
                  "operation": [
                    "object",
                    {
                      "info": [
                        "list",
                        [
                          "object",
                          {
                            "name": "string",
                            "value": "string"
                          }
                        ]
                      ],
                      "initiatedBy": [
                        "object",
                        {
                          "automated": "bool",
                          "username": "string"
                        }
                      ],
                      "retry": [
                        "object",
                        {
                          "backoff": [
                            "object",
                            {
                              "duration": "string",
                              "factor": "number",
                              "maxDuration": "string"
                            }
                          ],
                          "limit": "number"
                        }
                      ],
                      "sync": [
                        "object",
                        {
                          "dryRun": "bool",
                          "manifests": [
                            "list",
                            "string"
                          ],
                          "prune": "bool",
                          "resources": [
                            "list",
                            [
                              "object",
                              {
                                "group": "string",
                                "kind": "string",
                                "name": "string",
                                "namespace": "string"
                              }
                            ]
                          ],
                          "revision": "string",
                          "revisions": [
                            "list",
                            "string"
                          ],
                          "source": [
                            "object",
                            {
                              "chart": "string",
                              "directory": [
                                "object",
                                {
                                  "exclude": "string",
                                  "include": "string",
                                  "jsonnet": [
                                    "object",
                                    {
                                      "extVars": [
                                        "list",
                                        [
                                          "object",
                                          {
                                            "code": "bool",
                                            "name": "string",
                                            "value": "string"
                                          }
                                        ]
                                      ],
                                      "libs": [
                                        "list",
                                        "string"
                                      ],
                                      "tlas": [
                                        "list",
                                        [
                                          "object",
                                          {
                                            "code": "bool",
                                            "name": "string",
                                            "value": "string"
                                          }
                                        ]
                                      ]
                                    }
                                  ],
                                  "recurse": "bool"
                                }
                              ],
                              "helm": [
                                "object",
                                {
                                  "fileParameters": [
                                    "list",
                                    [
                                      "object",
                                      {
                                        "name": "string",
                                        "path": "string"
                                      }
                                    ]
                                  ],
                                  "ignoreMissingValueFiles": "bool",
                                  "parameters": [
                                    "list",
                                    [
                                      "object",
                                      {
                                        "forceString": "bool",
                                        "name": "string",
                                        "value": "string"
                                      }
                                    ]
                                  ],
                                  "passCredentials": "bool",
                                  "releaseName": "string",
                                  "skipCrds": "bool",
                                  "valueFiles": [
                                    "list",
                                    "string"
                                  ],
                                  "values": "string",
                                  "valuesObject": "dynamic",
                                  "version": "string"
                                }
                              ],
                              "kustomize": [
                                "object",
                                {
                                  "commonAnnotations": [
                                    "map",
                                    "string"
                                  ],
                                  "commonAnnotationsEnvsubst": "bool",
                                  "commonLabels": [
                                    "map",
                                    "string"
                                  ],
                                  "components": [
                                    "list",
                                    "string"
                                  ],
                                  "forceCommonAnnotations": "bool",
                                  "forceCommonLabels": "bool",
                                  "images": [
                                    "list",
                                    "string"
                                  ],
                                  "labelWithoutSelector": "bool",
                                  "namePrefix": "string",
                                  "nameSuffix": "string",
                                  "namespace": "string",
                                  "patches": [
                                    "list",
                                    [
                                      "object",
                                      {
                                        "options": [
                                          "map",
                                          "bool"
                                        ],
                                        "patch": "string",
                                        "path": "string",
                                        "target": [
                                          "object",
                                          {
                                            "annotationSelector": "string",
                                            "group": "string",
                                            "kind": "string",
                                            "labelSelector": "string",
                                            "name": "string",
                                            "namespace": "string",
                                            "version": "string"
                                          }
                                        ]
                                      }
                                    ]
                                  ],
                                  "replicas": [
                                    "list",
                                    [
                                      "object",
                                      {
                                        "count": "string",
                                        "name": "string"
                                      }
                                    ]
                                  ],
                                  "version": "string"
                                }
                              ],
                              "path": "string",
                              "plugin": [
                                "object",
                                {
                                  "env": [
                                    "list",
                                    [
                                      "object",
                                      {
                                        "name": "string",
                                        "value": "string"
                                      }
                                    ]
                                  ],
                                  "name": "string",
                                  "parameters": [
                                    "list",
                                    [
                                      "object",
                                      {
                                        "array": [
                                          "list",
                                          "string"
                                        ],
                                        "map": [
                                          "map",
                                          "string"
                                        ],
                                        "name": "string",
                                        "string": "string"
                                      }
                                    ]
                                  ]
                                }
                              ],
                              "ref": "string",
                              "repoURL": "string",
                              "targetRevision": "string"
                            }
                          ],
                          "sources": [
                            "tuple",
                            [
                              [
                                "object",
                                {
                                  "chart": "string",
                                  "directory": [
                                    "object",
                                    {
                                      "exclude": "string",
                                      "include": "string",
                                      "jsonnet": [
                                        "object",
                                        {
                                          "extVars": [
                                            "list",
                                            [
                                              "object",
                                              {
                                                "code": "bool",
                                                "name": "string",
                                                "value": "string"
                                              }
                                            ]
                                          ],
                                          "libs": [
                                            "list",
                                            "string"
                                          ],
                                          "tlas": [
                                            "list",
                                            [
                                              "object",
                                              {
                                                "code": "bool",
                                                "name": "string",
                                                "value": "string"
                                              }
                                            ]
                                          ]
                                        }
                                      ],
                                      "recurse": "bool"
                                    }
                                  ],
                                  "helm": [
                                    "object",
                                    {
                                      "fileParameters": [
                                        "list",
                                        [
                                          "object",
                                          {
                                            "name": "string",
                                            "path": "string"
                                          }
                                        ]
                                      ],
                                      "ignoreMissingValueFiles": "bool",
                                      "parameters": [
                                        "list",
                                        [
                                          "object",
                                          {
                                            "forceString": "bool",
                                            "name": "string",
                                            "value": "string"
                                          }
                                        ]
                                      ],
                                      "passCredentials": "bool",
                                      "releaseName": "string",
                                      "skipCrds": "bool",
                                      "valueFiles": [
                                        "list",
                                        "string"
                                      ],
                                      "values": "string",
                                      "valuesObject": "dynamic",
                                      "version": "string"
                                    }
                                  ],
                                  "kustomize": [
                                    "object",
                                    {
                                      "commonAnnotations": [
                                        "map",
                                        "string"
                                      ],
                                      "commonAnnotationsEnvsubst": "bool",
                                      "commonLabels": [
                                        "map",
                                        "string"
                                      ],
                                      "components": [
                                        "list",
                                        "string"
                                      ],
                                      "forceCommonAnnotations": "bool",
                                      "forceCommonLabels": "bool",
                                      "images": [
                                        "list",
                                        "string"
                                      ],
                                      "labelWithoutSelector": "bool",
                                      "namePrefix": "string",
                                      "nameSuffix": "string",
                                      "namespace": "string",
                                      "patches": [
                                        "list",
                                        [
                                          "object",
                                          {
                                            "options": [
                                              "map",
                                              "bool"
                                            ],
                                            "patch": "string",
                                            "path": "string",
                                            "target": [
                                              "object",
                                              {
                                                "annotationSelector": "string",
                                                "group": "string",
                                                "kind": "string",
                                                "labelSelector": "string",
                                                "name": "string",
                                                "namespace": "string",
                                                "version": "string"
                                              }
                                            ]
                                          }
                                        ]
                                      ],
                                      "replicas": [
                                        "list",
                                        [
                                          "object",
                                          {
                                            "count": "string",
                                            "name": "string"
                                          }
                                        ]
                                      ],
                                      "version": "string"
                                    }
                                  ],
                                  "path": "string",
                                  "plugin": [
                                    "object",
                                    {
                                      "env": [
                                        "list",
                                        [
                                          "object",
                                          {
                                            "name": "string",
                                            "value": "string"
                                          }
                                        ]
                                      ],
                                      "name": "string",
                                      "parameters": [
                                        "list",
                                        [
                                          "object",
                                          {
                                            "array": [
                                              "list",
                                              "string"
                                            ],
                                            "map": [
                                              "map",
                                              "string"
                                            ],
                                            "name": "string",
                                            "string": "string"
                                          }
                                        ]
                                      ]
                                    }
                                  ],
                                  "ref": "string",
                                  "repoURL": "string",
                                  "targetRevision": "string"
                                }
                              ]
                            ]
                          ],
                          "syncOptions": [
                            "list",
                            "string"
                          ],
                          "syncStrategy": [
                            "object",
                            {
                              "apply": [
                                "object",
                                {
                                  "force": "bool"
                                }
                              ],
                              "hook": [
                                "object",
                                {
                                  "force": "bool"
                                }
                              ]
                            }
                          ]
                        }
                      ]
                    }
                  ],
                  "spec": [
                    "object",
                    {
                      "destination": [
                        "object",
                        {
                          "name": "string",
                          "namespace": "string",
                          "server": "string"
                        }
                      ],
                      "ignoreDifferences": [
                        "list",
                        [
                          "object",
                          {
                            "group": "string",
                            "jqPathExpressions": [
                              "list",
                              "string"
                            ],
                            "jsonPointers": [
                              "list",
                              "string"
                            ],
                            "kind": "string",
                            "managedFieldsManagers": [
                              "list",
                              "string"
                            ],
                            "name": "string",
                            "namespace": "string"
                          }
                        ]
                      ],
                      "info": [
                        "list",
                        [
                          "object",
                          {
                            "name": "string",
                            "value": "string"
                          }
                        ]
                      ],
                      "project": "string",
                      "revisionHistoryLimit": "number",
                      "source": [
                        "object",
                        {
                          "chart": "string",
                          "directory": [
                            "object",
                            {
                              "exclude": "string",
                              "include": "string",
                              "jsonnet": [
                                "object",
                                {
                                  "extVars": [
                                    "list",
                                    [
                                      "object",
                                      {
                                        "code": "bool",
                                        "name": "string",
                                        "value": "string"
                                      }
                                    ]
                                  ],
                                  "libs": [
                                    "list",
                                    "string"
                                  ],
                                  "tlas": [
                                    "list",
                                    [
                                      "object",
                                      {
                                        "code": "bool",
                                        "name": "string",
                                        "value": "string"
                                      }
                                    ]
                                  ]
                                }
                              ],
                              "recurse": "bool"
                            }
                          ],
                          "helm": [
                            "object",
                            {
                              "fileParameters": [
                                "list",
                                [
                                  "object",
                                  {
                                    "name": "string",
                                    "path": "string"
                                  }
                                ]
                              ],
                              "ignoreMissingValueFiles": "bool",
                              "parameters": [
                                "list",
                                [
                                  "object",
                                  {
                                    "forceString": "bool",
                                    "name": "string",
                                    "value": "string"
                                  }
                                ]
                              ],
                              "passCredentials": "bool",
                              "releaseName": "string",
                              "skipCrds": "bool",
                              "valueFiles": [
                                "list",
                                "string"
                              ],
                              "values": "string",
                              "valuesObject": "dynamic",
                              "version": "string"
                            }
                          ],
                          "kustomize": [
                            "object",
                            {
                              "commonAnnotations": [
                                "map",
                                "string"
                              ],
                              "commonAnnotationsEnvsubst": "bool",
                              "commonLabels": [
                                "map",
                                "string"
                              ],
                              "components": [
                                "list",
                                "string"
                              ],
                              "forceCommonAnnotations": "bool",
                              "forceCommonLabels": "bool",
                              "images": [
                                "list",
                                "string"
                              ],
                              "labelWithoutSelector": "bool",
                              "namePrefix": "string",
                              "nameSuffix": "string",
                              "namespace": "string",
                              "patches": [
                                "list",
                                [
                                  "object",
                                  {
                                    "options": [
                                      "map",
                                      "bool"
                                    ],
                                    "patch": "string",
                                    "path": "string",
                                    "target": [
                                      "object",
                                      {
                                        "annotationSelector": "string",
                                        "group": "string",
                                        "kind": "string",
                                        "labelSelector": "string",
                                        "name": "string",
                                        "namespace": "string",
                                        "version": "string"
                                      }
                                    ]
                                  }
                                ]
                              ],
                              "replicas": [
                                "list",
                                [
                                  "object",
                                  {
                                    "count": "string",
                                    "name": "string"
                                  }
                                ]
                              ],
                              "version": "string"
                            }
                          ],
                          "path": "string",
                          "plugin": [
                            "object",
                            {
                              "env": [
                                "list",
                                [
                                  "object",
                                  {
                                    "name": "string",
                                    "value": "string"
                                  }
                                ]
                              ],
                              "name": "string",
                              "parameters": [
                                "list",
                                [
                                  "object",
                                  {
                                    "array": [
                                      "list",
                                      "string"
                                    ],
                                    "map": [
                                      "map",
                                      "string"
                                    ],
                                    "name": "string",
                                    "string": "string"
                                  }
                                ]
                              ]
                            }
                          ],
                          "ref": "string",
                          "repoURL": "string",
                          "targetRevision": "string"
                        }
                      ],
                      "sources": [
                        "tuple",
                        [
                          [
                            "object",
                            {
                              "chart": "string",
                              "directory": [
                                "object",
                                {
                                  "exclude": "string",
                                  "include": "string",
                                  "jsonnet": [
                                    "object",
                                    {
                                      "extVars": [
                                        "list",
                                        [
                                          "object",
                                          {
                                            "code": "bool",
                                            "name": "string",
                                            "value": "string"
                                          }
                                        ]
                                      ],
                                      "libs": [
                                        "list",
                                        "string"
                                      ],
                                      "tlas": [
                                        "list",
                                        [
                                          "object",
                                          {
                                            "code": "bool",
                                            "name": "string",
                                            "value": "string"
                                          }
                                        ]
                                      ]
                                    }
                                  ],
                                  "recurse": "bool"
                                }
                              ],
                              "helm": [
                                "object",
                                {
                                  "fileParameters": [
                                    "list",
                                    [
                                      "object",
                                      {
                                        "name": "string",
                                        "path": "string"
                                      }
                                    ]
                                  ],
                                  "ignoreMissingValueFiles": "bool",
                                  "parameters": [
                                    "list",
                                    [
                                      "object",
                                      {
                                        "forceString": "bool",
                                        "name": "string",
                                        "value": "string"
                                      }
                                    ]
                                  ],
                                  "passCredentials": "bool",
                                  "releaseName": "string",
                                  "skipCrds": "bool",
                                  "valueFiles": [
                                    "list",
                                    "string"
                                  ],
                                  "values": "string",
                                  "valuesObject": "dynamic",
                                  "version": "string"
                                }
                              ],
                              "kustomize": [
                                "object",
                                {
                                  "commonAnnotations": [
                                    "map",
                                    "string"
                                  ],
                                  "commonAnnotationsEnvsubst": "bool",
                                  "commonLabels": [
                                    "map",
                                    "string"
                                  ],
                                  "components": [
                                    "list",
                                    "string"
                                  ],
                                  "forceCommonAnnotations": "bool",
                                  "forceCommonLabels": "bool",
                                  "images": [
                                    "list",
                                    "string"
                                  ],
                                  "labelWithoutSelector": "bool",
                                  "namePrefix": "string",
                                  "nameSuffix": "string",
                                  "namespace": "string",
                                  "patches": [
                                    "list",
                                    [
                                      "object",
                                      {
                                        "options": [
                                          "map",
                                          "bool"
                                        ],
                                        "patch": "string",
                                        "path": "string",
                                        "target": [
                                          "object",
                                          {
                                            "annotationSelector": "string",
                                            "group": "string",
                                            "kind": "string",
                                            "labelSelector": "string",
                                            "name": "string",
                                            "namespace": "string",
                                            "version": "string"
                                          }
                                        ]
                                      }
                                    ]
                                  ],
                                  "replicas": [
                                    "list",
                                    [
                                      "object",
                                      {
                                        "count": "string",
                                        "name": "string"
                                      }
                                    ]
                                  ],
                                  "version": "string"
                                }
                              ],
                              "path": "string",
                              "plugin": [
                                "object",
                                {
                                  "env": [
                                    "list",
                                    [
                                      "object",
                                      {
                                        "name": "string",
                                        "value": "string"
                                      }
                                    ]
                                  ],
                                  "name": "string",
                                  "parameters": [
                                    "list",
                                    [
                                      "object",
                                      {
                                        "array": [
                                          "list",
                                          "string"
                                        ],
                                        "map": [
                                          "map",
                                          "string"
                                        ],
                                        "name": "string",
                                        "string": "string"
                                      }
                                    ]
                                  ]
                                }
                              ],
                              "ref": "string",
                              "repoURL": "string",
                              "targetRevision": "string"
                            }
                          ]
                        ]
                      ],
                      "syncPolicy": [
                        "object",
                        {
                          "automated": [
                            "object",
                            {
                              "allowEmpty": "bool",
                              "prune": "bool",
                              "selfHeal": "bool"
                            }
                          ],
                          "managedNamespaceMetadata": [
                            "object",
                            {
                              "annotations": [
                                "map",
                                "string"
                              ],
                              "labels": [
                                "map",
                                "string"
                              ]
                            }
                          ],
                          "retry": [
                            "object",
                            {
                              "backoff": [
                                "object",
                                {
                                  "duration": "string",
                                  "factor": "number",
                                  "maxDuration": "string"
                                }
                              ],
                              "limit": "number"
                            }
                          ],
                          "syncOptions": [
                            "list",
                            "string"
                          ]
                        }
                      ]
                    }
                  ]
                }
              ]
            },
            "timeouts": [],
            "wait": [],
            "wait_for": null
          },
          "sensitive_attributes": [],
          "dependencies": [
            "kubernetes_manifest.github_external_secret"
          ]
        }
      ]
    },
    {
      "mode": "managed",
      "type": "kubernetes_manifest",
      "name": "vault_backend",
      "provider": "provider[\"registry.terraform.io/hashicorp/kubernetes\"]",
      "instances": [
        {
          "schema_version": 1,
          "attributes": {
            "computed_fields": null,
            "field_manager": [],
            "manifest": {
              "value": {
                "apiVersion": "external-secrets.io/v1beta1",
                "kind": "ClusterSecretStore",
                "metadata": {
                  "name": "vault-backend"
                },
                "spec": {
                  "provider": {
                    "vault": {
                      "auth": {
                        "tokenSecretRef": {
                          "key": "token",
                          "name": "vault-token",
                          "namespace": "external-secrets"
                        }
                      },
                      "path": "secret",
                      "server": "http://vault.hashicorp.svc.cluster.local:8200",
                      "version": "v2"
                    }
                  }
                }
              },
              "type": [
                "object",
                {
                  "apiVersion": "string",
                  "kind": "string",
                  "metadata": [
                    "object",
                    {
                      "name": "string"
                    }
                  ],
                  "spec": [
                    "object",
                    {
                      "provider": [
                        "object",
                        {
                          "vault": [
                            "object",
                            {
                              "auth": [
                                "object",
                                {
                                  "tokenSecretRef": [
                                    "object",
                                    {
                                      "key": "string",
                                      "name": "string",
                                      "namespace": "string"
                                    }
                                  ]
                                }
                              ],
                              "path": "string",
                              "server": "string",
                              "version": "string"
                            }
                          ]
                        }
                      ]
                    }
                  ]
                }
              ]
            },
            "object": {
              "value": {
                "apiVersion": "external-secrets.io/v1beta1",
                "kind": "ClusterSecretStore",
                "metadata": {
                  "annotations": null,
                  "creationTimestamp": null,
                  "deletionGracePeriodSeconds": null,
                  "deletionTimestamp": null,
                  "finalizers": null,
                  "generateName": null,
                  "generation": null,
                  "labels": null,
                  "managedFields": null,
                  "name": "vault-backend",
                  "namespace": null,
                  "ownerReferences": null,
                  "resourceVersion": null,
                  "selfLink": null,
                  "uid": null
                },
                "spec": {
                  "conditions": null,
                  "controller": null,
                  "provider": {
                    "akeyless": {
                      "akeylessGWApiURL": null,
                      "authSecretRef": {
                        "kubernetesAuth": {
                          "accessID": null,
                          "k8sConfName": null,
                          "secretRef": {
                            "key": null,
                            "name": null,
                            "namespace": null
                          },
                          "serviceAccountRef": {
                            "audiences": null,
                            "name": null,
                            "namespace": null
                          }
                        },
                        "secretRef": {
                          "accessID": {
                            "key": null,
                            "name": null,
                            "namespace": null
                          },
                          "accessType": {
                            "key": null,
                            "name": null,
                            "namespace": null
                          },
                          "accessTypeParam": {
                            "key": null,
                            "name": null,
                            "namespace": null
                          }
                        }
                      },
                      "caBundle": null,
                      "caProvider": {
                        "key": null,
                        "name": null,
                        "namespace": null,
                        "type": null
                      }
                    },
                    "alibaba": {
                      "auth": {
                        "rrsa": {
                          "oidcProviderArn": null,
                          "oidcTokenFilePath": null,
                          "roleArn": null,
                          "sessionName": null
                        },
                        "secretRef": {
                          "accessKeyIDSecretRef": {
                            "key": null,
                            "name": null,
                            "namespace": null
                          },
                          "accessKeySecretSecretRef": {
                            "key": null,
                            "name": null,
                            "namespace": null
                          }
                        }
                      },
                      "regionID": null
                    },
                    "aws": {
                      "additionalRoles": null,
                      "auth": {
                        "jwt": {
                          "serviceAccountRef": {
                            "audiences": null,
                            "name": null,
                            "namespace": null
                          }
                        },
                        "secretRef": {
                          "accessKeyIDSecretRef": {
                            "key": null,
                            "name": null,
                            "namespace": null
                          },
                          "secretAccessKeySecretRef": {
                            "key": null,
                            "name": null,
                            "namespace": null
                          },
                          "sessionTokenSecretRef": {
                            "key": null,
                            "name": null,
                            "namespace": null
                          }
                        }
                      },
                      "externalID": null,
                      "region": null,
                      "role": null,
                      "secretsManager": {
                        "forceDeleteWithoutRecovery": null,
                        "recoveryWindowInDays": null
                      },
                      "service": null,
                      "sessionTags": null,
                      "transitiveTagKeys": null
                    },
                    "azurekv": {
                      "authSecretRef": {
                        "clientId": {
                          "key": null,
                          "name": null,
                          "namespace": null
                        },
                        "clientSecret": {
                          "key": null,
                          "name": null,
                          "namespace": null
                        }
                      },
                      "authType": null,
                      "environmentType": null,
                      "identityId": null,
                      "serviceAccountRef": {
                        "audiences": null,
                        "name": null,
                        "namespace": null
                      },
                      "tenantId": null,
                      "vaultUrl": null
                    },
                    "chef": {
                      "auth": {
                        "secretRef": {
                          "privateKeySecretRef": {
                            "key": null,
                            "name": null,
                            "namespace": null
                          }
                        }
                      },
                      "serverUrl": null,
                      "username": null
                    },
                    "conjur": {
                      "auth": {
                        "apikey": {
                          "account": null,
                          "apiKeyRef": {
                            "key": null,
                            "name": null,
                            "namespace": null
                          },
                          "userRef": {
                            "key": null,
                            "name": null,
                            "namespace": null
                          }
                        },
                        "jwt": {
                          "account": null,
                          "secretRef": {
                            "key": null,
                            "name": null,
                            "namespace": null
                          },
                          "serviceAccountRef": {
                            "audiences": null,
                            "name": null,
                            "namespace": null
                          },
                          "serviceID": null
                        }
                      },
                      "caBundle": null,
                      "caProvider": {
                        "key": null,
                        "name": null,
                        "namespace": null,
                        "type": null
                      },
                      "url": null
                    },
                    "delinea": {
                      "clientId": {
                        "secretRef": {
                          "key": null,
                          "name": null,
                          "namespace": null
                        },
                        "value": null
                      },
                      "clientSecret": {
                        "secretRef": {
                          "key": null,
                          "name": null,
                          "namespace": null
                        },
                        "value": null
                      },
                      "tenant": null,
                      "tld": null,
                      "urlTemplate": null
                    },
                    "doppler": {
                      "auth": {
                        "secretRef": {
                          "dopplerToken": {
                            "key": null,
                            "name": null,
                            "namespace": null
                          }
                        }
                      },
                      "config": null,
                      "format": null,
                      "nameTransformer": null,
                      "project": null
                    },
                    "fake": {
                      "data": null
                    },
                    "gcpsm": {
                      "auth": {
                        "secretRef": {
                          "secretAccessKeySecretRef": {
                            "key": null,
                            "name": null,
                            "namespace": null
                          }
                        },
                        "workloadIdentity": {
                          "clusterLocation": null,
                          "clusterName": null,
                          "clusterProjectID": null,
                          "serviceAccountRef": {
                            "audiences": null,
                            "name": null,
                            "namespace": null
                          }
                        }
                      },
                      "projectID": null
                    },
                    "gitlab": {
                      "auth": {
                        "SecretRef": {
                          "accessToken": {
                            "key": null,
                            "name": null,
                            "namespace": null
                          }
                        }
                      },
                      "environment": null,
                      "groupIDs": null,
                      "inheritFromGroups": null,
                      "projectID": null,
                      "url": null
                    },
                    "ibm": {
                      "auth": {
                        "containerAuth": {
                          "iamEndpoint": null,
                          "profile": null,
                          "tokenLocation": null
                        },
                        "secretRef": {
                          "secretApiKeySecretRef": {
                            "key": null,
                            "name": null,
                            "namespace": null
                          }
                        }
                      },
                      "serviceUrl": null
                    },
                    "keepersecurity": {
                      "authRef": {
                        "key": null,
                        "name": null,
                        "namespace": null
                      },
                      "folderID": null
                    },
                    "kubernetes": {
                      "auth": {
                        "cert": {
                          "clientCert": {
                            "key": null,
                            "name": null,
                            "namespace": null
                          },
                          "clientKey": {
                            "key": null,
                            "name": null,
                            "namespace": null
                          }
                        },
                        "serviceAccount": {
                          "audiences": null,
                          "name": null,
                          "namespace": null
                        },
                        "token": {
                          "bearerToken": {
                            "key": null,
                            "name": null,
                            "namespace": null
                          }
                        }
                      },
                      "remoteNamespace": null,
                      "server": {
                        "caBundle": null,
                        "caProvider": {
                          "key": null,
                          "name": null,
                          "namespace": null,
                          "type": null
                        },
                        "url": null
                      }
                    },
                    "onepassword": {
                      "auth": {
                        "secretRef": {
                          "connectTokenSecretRef": {
                            "key": null,
                            "name": null,
                            "namespace": null
                          }
                        }
                      },
                      "connectHost": null,
                      "vaults": null
                    },
                    "oracle": {
                      "auth": {
                        "secretRef": {
                          "fingerprint": {
                            "key": null,
                            "name": null,
                            "namespace": null
                          },
                          "privatekey": {
                            "key": null,
                            "name": null,
                            "namespace": null
                          }
                        },
                        "tenancy": null,
                        "user": null
                      },
                      "compartment": null,
                      "encryptionKey": null,
                      "principalType": null,
                      "region": null,
                      "serviceAccountRef": {
                        "audiences": null,
                        "name": null,
                        "namespace": null
                      },
                      "vault": null
                    },
                    "pulumi": {
                      "accessToken": {
                        "secretRef": {
                          "key": null,
                          "name": null,
                          "namespace": null
                        }
                      },
                      "apiUrl": null,
                      "environment": null,
                      "organization": null
                    },
                    "scaleway": {
                      "accessKey": {
                        "secretRef": {
                          "key": null,
                          "name": null,
                          "namespace": null
                        },
                        "value": null
                      },
                      "apiUrl": null,
                      "projectId": null,
                      "region": null,
                      "secretKey": {
                        "secretRef": {
                          "key": null,
                          "name": null,
                          "namespace": null
                        },
                        "value": null
                      }
                    },
                    "senhasegura": {
                      "auth": {
                        "clientId": null,
                        "clientSecretSecretRef": {
                          "key": null,
                          "name": null,
                          "namespace": null
                        }
                      },
                      "ignoreSslCertificate": null,
                      "module": null,
                      "url": null
                    },
                    "vault": {
                      "auth": {
                        "appRole": {
                          "path": null,
                          "roleId": null,
                          "roleRef": {
                            "key": null,
                            "name": null,
                            "namespace": null
                          },
                          "secretRef": {
                            "key": null,
                            "name": null,
                            "namespace": null
                          }
                        },
                        "cert": {
                          "clientCert": {
                            "key": null,
                            "name": null,
                            "namespace": null
                          },
                          "secretRef": {
                            "key": null,
                            "name": null,
                            "namespace": null
                          }
                        },
                        "iam": {
                          "externalID": null,
                          "jwt": {
                            "serviceAccountRef": {
                              "audiences": null,
                              "name": null,
                              "namespace": null
                            }
                          },
                          "path": null,
                          "region": null,
                          "role": null,
                          "secretRef": {
                            "accessKeyIDSecretRef": {
                              "key": null,
                              "name": null,
                              "namespace": null
                            },
                            "secretAccessKeySecretRef": {
                              "key": null,
                              "name": null,
                              "namespace": null
                            },
                            "sessionTokenSecretRef": {
                              "key": null,
                              "name": null,
                              "namespace": null
                            }
                          },
                          "vaultAwsIamServerID": null,
                          "vaultRole": null
                        },
                        "jwt": {
                          "kubernetesServiceAccountToken": {
                            "audiences": null,
                            "expirationSeconds": null,
                            "serviceAccountRef": {
                              "audiences": null,
                              "name": null,
                              "namespace": null
                            }
                          },
                          "path": null,
                          "role": null,
                          "secretRef": {
                            "key": null,
                            "name": null,
                            "namespace": null
                          }
                        },
                        "kubernetes": {
                          "mountPath": null,
                          "role": null,
                          "secretRef": {
                            "key": null,
                            "name": null,
                            "namespace": null
                          },
                          "serviceAccountRef": {
                            "audiences": null,
                            "name": null,
                            "namespace": null
                          }
                        },
                        "ldap": {
                          "path": null,
                          "secretRef": {
                            "key": null,
                            "name": null,
                            "namespace": null
                          },
                          "username": null
                        },
                        "tokenSecretRef": {
                          "key": "token",
                          "name": "vault-token",
                          "namespace": "external-secrets"
                        },
                        "userPass": {
                          "path": null,
                          "secretRef": {
                            "key": null,
                            "name": null,
                            "namespace": null
                          },
                          "username": null
                        }
                      },
                      "caBundle": null,
                      "caProvider": {
                        "key": null,
                        "name": null,
                        "namespace": null,
                        "type": null
                      },
                      "forwardInconsistent": null,
                      "namespace": null,
                      "path": "secret",
                      "readYourWrites": null,
                      "server": "http://vault.hashicorp.svc.cluster.local:8200",
                      "tls": {
                        "certSecretRef": {
                          "key": null,
                          "name": null,
                          "namespace": null
                        },
                        "keySecretRef": {
                          "key": null,
                          "name": null,
                          "namespace": null
                        }
                      },
                      "version": "v2"
                    },
                    "webhook": {
                      "body": null,
                      "caBundle": null,
                      "caProvider": {
                        "key": null,
                        "name": null,
                        "namespace": null,
                        "type": null
                      },
                      "headers": null,
                      "method": null,
                      "result": {
                        "jsonPath": null
                      },
                      "secrets": null,
                      "timeout": null,
                      "url": null
                    },
                    "yandexcertificatemanager": {
                      "apiEndpoint": null,
                      "auth": {
                        "authorizedKeySecretRef": {
                          "key": null,
                          "name": null,
                          "namespace": null
                        }
                      },
                      "caProvider": {
                        "certSecretRef": {
                          "key": null,
                          "name": null,
                          "namespace": null
                        }
                      }
                    },
                    "yandexlockbox": {
                      "apiEndpoint": null,
                      "auth": {
                        "authorizedKeySecretRef": {
                          "key": null,
                          "name": null,
                          "namespace": null
                        }
                      },
                      "caProvider": {
                        "certSecretRef": {
                          "key": null,
                          "name": null,
                          "namespace": null
                        }
                      }
                    }
                  },
                  "refreshInterval": null,
                  "retrySettings": {
                    "maxRetries": null,
                    "retryInterval": null
                  }
                }
              },
              "type": [
                "object",
                {
                  "apiVersion": "string",
                  "kind": "string",
                  "metadata": [
                    "object",
                    {
                      "annotations": [
                        "map",
                        "string"
                      ],
                      "creationTimestamp": "string",
                      "deletionGracePeriodSeconds": "number",
                      "deletionTimestamp": "string",
                      "finalizers": [
                        "list",
                        "string"
                      ],
                      "generateName": "string",
                      "generation": "number",
                      "labels": [
                        "map",
                        "string"
                      ],
                      "managedFields": [
                        "tuple",
                        [
                          [
                            "object",
                            {
                              "apiVersion": "string",
                              "fieldsType": "string",
                              "fieldsV1": "dynamic",
                              "manager": "string",
                              "operation": "string",
                              "subresource": "string",
                              "time": "string"
                            }
                          ]
                        ]
                      ],
                      "name": "string",
                      "namespace": "string",
                      "ownerReferences": [
                        "list",
                        [
                          "object",
                          {
                            "apiVersion": "string",
                            "blockOwnerDeletion": "bool",
                            "controller": "bool",
                            "kind": "string",
                            "name": "string",
                            "uid": "string"
                          }
                        ]
                      ],
                      "resourceVersion": "string",
                      "selfLink": "string",
                      "uid": "string"
                    }
                  ],
                  "spec": [
                    "object",
                    {
                      "conditions": [
                        "list",
                        [
                          "object",
                          {
                            "namespaceSelector": [
                              "object",
                              {
                                "matchExpressions": [
                                  "list",
                                  [
                                    "object",
                                    {
                                      "key": "string",
                                      "operator": "string",
                                      "values": [
                                        "list",
                                        "string"
                                      ]
                                    }
                                  ]
                                ],
                                "matchLabels": [
                                  "map",
                                  "string"
                                ]
                              }
                            ],
                            "namespaces": [
                              "list",
                              "string"
                            ]
                          }
                        ]
                      ],
                      "controller": "string",
                      "provider": [
                        "object",
                        {
                          "akeyless": [
                            "object",
                            {
                              "akeylessGWApiURL": "string",
                              "authSecretRef": [
                                "object",
                                {
                                  "kubernetesAuth": [
                                    "object",
                                    {
                                      "accessID": "string",
                                      "k8sConfName": "string",
                                      "secretRef": [
                                        "object",
                                        {
                                          "key": "string",
                                          "name": "string",
                                          "namespace": "string"
                                        }
                                      ],
                                      "serviceAccountRef": [
                                        "object",
                                        {
                                          "audiences": [
                                            "list",
                                            "string"
                                          ],
                                          "name": "string",
                                          "namespace": "string"
                                        }
                                      ]
                                    }
                                  ],
                                  "secretRef": [
                                    "object",
                                    {
                                      "accessID": [
                                        "object",
                                        {
                                          "key": "string",
                                          "name": "string",
                                          "namespace": "string"
                                        }
                                      ],
                                      "accessType": [
                                        "object",
                                        {
                                          "key": "string",
                                          "name": "string",
                                          "namespace": "string"
                                        }
                                      ],
                                      "accessTypeParam": [
                                        "object",
                                        {
                                          "key": "string",
                                          "name": "string",
                                          "namespace": "string"
                                        }
                                      ]
                                    }
                                  ]
                                }
                              ],
                              "caBundle": "string",
                              "caProvider": [
                                "object",
                                {
                                  "key": "string",
                                  "name": "string",
                                  "namespace": "string",
                                  "type": "string"
                                }
                              ]
                            }
                          ],
                          "alibaba": [
                            "object",
                            {
                              "auth": [
                                "object",
                                {
                                  "rrsa": [
                                    "object",
                                    {
                                      "oidcProviderArn": "string",
                                      "oidcTokenFilePath": "string",
                                      "roleArn": "string",
                                      "sessionName": "string"
                                    }
                                  ],
                                  "secretRef": [
                                    "object",
                                    {
                                      "accessKeyIDSecretRef": [
                                        "object",
                                        {
                                          "key": "string",
                                          "name": "string",
                                          "namespace": "string"
                                        }
                                      ],
                                      "accessKeySecretSecretRef": [
                                        "object",
                                        {
                                          "key": "string",
                                          "name": "string",
                                          "namespace": "string"
                                        }
                                      ]
                                    }
                                  ]
                                }
                              ],
                              "regionID": "string"
                            }
                          ],
                          "aws": [
                            "object",
                            {
                              "additionalRoles": [
                                "list",
                                "string"
                              ],
                              "auth": [
                                "object",
                                {
                                  "jwt": [
                                    "object",
                                    {
                                      "serviceAccountRef": [
                                        "object",
                                        {
                                          "audiences": [
                                            "list",
                                            "string"
                                          ],
                                          "name": "string",
                                          "namespace": "string"
                                        }
                                      ]
                                    }
                                  ],
                                  "secretRef": [
                                    "object",
                                    {
                                      "accessKeyIDSecretRef": [
                                        "object",
                                        {
                                          "key": "string",
                                          "name": "string",
                                          "namespace": "string"
                                        }
                                      ],
                                      "secretAccessKeySecretRef": [
                                        "object",
                                        {
                                          "key": "string",
                                          "name": "string",
                                          "namespace": "string"
                                        }
                                      ],
                                      "sessionTokenSecretRef": [
                                        "object",
                                        {
                                          "key": "string",
                                          "name": "string",
                                          "namespace": "string"
                                        }
                                      ]
                                    }
                                  ]
                                }
                              ],
                              "externalID": "string",
                              "region": "string",
                              "role": "string",
                              "secretsManager": [
                                "object",
                                {
                                  "forceDeleteWithoutRecovery": "bool",
                                  "recoveryWindowInDays": "number"
                                }
                              ],
                              "service": "string",
                              "sessionTags": [
                                "list",
                                [
                                  "object",
                                  {
                                    "key": "string",
                                    "value": "string"
                                  }
                                ]
                              ],
                              "transitiveTagKeys": [
                                "list",
                                "string"
                              ]
                            }
                          ],
                          "azurekv": [
                            "object",
                            {
                              "authSecretRef": [
                                "object",
                                {
                                  "clientId": [
                                    "object",
                                    {
                                      "key": "string",
                                      "name": "string",
                                      "namespace": "string"
                                    }
                                  ],
                                  "clientSecret": [
                                    "object",
                                    {
                                      "key": "string",
                                      "name": "string",
                                      "namespace": "string"
                                    }
                                  ]
                                }
                              ],
                              "authType": "string",
                              "environmentType": "string",
                              "identityId": "string",
                              "serviceAccountRef": [
                                "object",
                                {
                                  "audiences": [
                                    "list",
                                    "string"
                                  ],
                                  "name": "string",
                                  "namespace": "string"
                                }
                              ],
                              "tenantId": "string",
                              "vaultUrl": "string"
                            }
                          ],
                          "chef": [
                            "object",
                            {
                              "auth": [
                                "object",
                                {
                                  "secretRef": [
                                    "object",
                                    {
                                      "privateKeySecretRef": [
                                        "object",
                                        {
                                          "key": "string",
                                          "name": "string",
                                          "namespace": "string"
                                        }
                                      ]
                                    }
                                  ]
                                }
                              ],
                              "serverUrl": "string",
                              "username": "string"
                            }
                          ],
                          "conjur": [
                            "object",
                            {
                              "auth": [
                                "object",
                                {
                                  "apikey": [
                                    "object",
                                    {
                                      "account": "string",
                                      "apiKeyRef": [
                                        "object",
                                        {
                                          "key": "string",
                                          "name": "string",
                                          "namespace": "string"
                                        }
                                      ],
                                      "userRef": [
                                        "object",
                                        {
                                          "key": "string",
                                          "name": "string",
                                          "namespace": "string"
                                        }
                                      ]
                                    }
                                  ],
                                  "jwt": [
                                    "object",
                                    {
                                      "account": "string",
                                      "secretRef": [
                                        "object",
                                        {
                                          "key": "string",
                                          "name": "string",
                                          "namespace": "string"
                                        }
                                      ],
                                      "serviceAccountRef": [
                                        "object",
                                        {
                                          "audiences": [
                                            "list",
                                            "string"
                                          ],
                                          "name": "string",
                                          "namespace": "string"
                                        }
                                      ],
                                      "serviceID": "string"
                                    }
                                  ]
                                }
                              ],
                              "caBundle": "string",
                              "caProvider": [
                                "object",
                                {
                                  "key": "string",
                                  "name": "string",
                                  "namespace": "string",
                                  "type": "string"
                                }
                              ],
                              "url": "string"
                            }
                          ],
                          "delinea": [
                            "object",
                            {
                              "clientId": [
                                "object",
                                {
                                  "secretRef": [
                                    "object",
                                    {
                                      "key": "string",
                                      "name": "string",
                                      "namespace": "string"
                                    }
                                  ],
                                  "value": "string"
                                }
                              ],
                              "clientSecret": [
                                "object",
                                {
                                  "secretRef": [
                                    "object",
                                    {
                                      "key": "string",
                                      "name": "string",
                                      "namespace": "string"
                                    }
                                  ],
                                  "value": "string"
                                }
                              ],
                              "tenant": "string",
                              "tld": "string",
                              "urlTemplate": "string"
                            }
                          ],
                          "doppler": [
                            "object",
                            {
                              "auth": [
                                "object",
                                {
                                  "secretRef": [
                                    "object",
                                    {
                                      "dopplerToken": [
                                        "object",
                                        {
                                          "key": "string",
                                          "name": "string",
                                          "namespace": "string"
                                        }
                                      ]
                                    }
                                  ]
                                }
                              ],
                              "config": "string",
                              "format": "string",
                              "nameTransformer": "string",
                              "project": "string"
                            }
                          ],
                          "fake": [
                            "object",
                            {
                              "data": [
                                "list",
                                [
                                  "object",
                                  {
                                    "key": "string",
                                    "value": "string",
                                    "valueMap": [
                                      "map",
                                      "string"
                                    ],
                                    "version": "string"
                                  }
                                ]
                              ]
                            }
                          ],
                          "gcpsm": [
                            "object",
                            {
                              "auth": [
                                "object",
                                {
                                  "secretRef": [
                                    "object",
                                    {
                                      "secretAccessKeySecretRef": [
                                        "object",
                                        {
                                          "key": "string",
                                          "name": "string",
                                          "namespace": "string"
                                        }
                                      ]
                                    }
                                  ],
                                  "workloadIdentity": [
                                    "object",
                                    {
                                      "clusterLocation": "string",
                                      "clusterName": "string",
                                      "clusterProjectID": "string",
                                      "serviceAccountRef": [
                                        "object",
                                        {
                                          "audiences": [
                                            "list",
                                            "string"
                                          ],
                                          "name": "string",
                                          "namespace": "string"
                                        }
                                      ]
                                    }
                                  ]
                                }
                              ],
                              "projectID": "string"
                            }
                          ],
                          "gitlab": [
                            "object",
                            {
                              "auth": [
                                "object",
                                {
                                  "SecretRef": [
                                    "object",
                                    {
                                      "accessToken": [
                                        "object",
                                        {
                                          "key": "string",
                                          "name": "string",
                                          "namespace": "string"
                                        }
                                      ]
                                    }
                                  ]
                                }
                              ],
                              "environment": "string",
                              "groupIDs": [
                                "list",
                                "string"
                              ],
                              "inheritFromGroups": "bool",
                              "projectID": "string",
                              "url": "string"
                            }
                          ],
                          "ibm": [
                            "object",
                            {
                              "auth": [
                                "object",
                                {
                                  "containerAuth": [
                                    "object",
                                    {
                                      "iamEndpoint": "string",
                                      "profile": "string",
                                      "tokenLocation": "string"
                                    }
                                  ],
                                  "secretRef": [
                                    "object",
                                    {
                                      "secretApiKeySecretRef": [
                                        "object",
                                        {
                                          "key": "string",
                                          "name": "string",
                                          "namespace": "string"
                                        }
                                      ]
                                    }
                                  ]
                                }
                              ],
                              "serviceUrl": "string"
                            }
                          ],
                          "keepersecurity": [
                            "object",
                            {
                              "authRef": [
                                "object",
                                {
                                  "key": "string",
                                  "name": "string",
                                  "namespace": "string"
                                }
                              ],
                              "folderID": "string"
                            }
                          ],
                          "kubernetes": [
                            "object",
                            {
                              "auth": [
                                "object",
                                {
                                  "cert": [
                                    "object",
                                    {
                                      "clientCert": [
                                        "object",
                                        {
                                          "key": "string",
                                          "name": "string",
                                          "namespace": "string"
                                        }
                                      ],
                                      "clientKey": [
                                        "object",
                                        {
                                          "key": "string",
                                          "name": "string",
                                          "namespace": "string"
                                        }
                                      ]
                                    }
                                  ],
                                  "serviceAccount": [
                                    "object",
                                    {
                                      "audiences": [
                                        "list",
                                        "string"
                                      ],
                                      "name": "string",
                                      "namespace": "string"
                                    }
                                  ],
                                  "token": [
                                    "object",
                                    {
                                      "bearerToken": [
                                        "object",
                                        {
                                          "key": "string",
                                          "name": "string",
                                          "namespace": "string"
                                        }
                                      ]
                                    }
                                  ]
                                }
                              ],
                              "remoteNamespace": "string",
                              "server": [
                                "object",
                                {
                                  "caBundle": "string",
                                  "caProvider": [
                                    "object",
                                    {
                                      "key": "string",
                                      "name": "string",
                                      "namespace": "string",
                                      "type": "string"
                                    }
                                  ],
                                  "url": "string"
                                }
                              ]
                            }
                          ],
                          "onepassword": [
                            "object",
                            {
                              "auth": [
                                "object",
                                {
                                  "secretRef": [
                                    "object",
                                    {
                                      "connectTokenSecretRef": [
                                        "object",
                                        {
                                          "key": "string",
                                          "name": "string",
                                          "namespace": "string"
                                        }
                                      ]
                                    }
                                  ]
                                }
                              ],
                              "connectHost": "string",
                              "vaults": [
                                "map",
                                "number"
                              ]
                            }
                          ],
                          "oracle": [
                            "object",
                            {
                              "auth": [
                                "object",
                                {
                                  "secretRef": [
                                    "object",
                                    {
                                      "fingerprint": [
                                        "object",
                                        {
                                          "key": "string",
                                          "name": "string",
                                          "namespace": "string"
                                        }
                                      ],
                                      "privatekey": [
                                        "object",
                                        {
                                          "key": "string",
                                          "name": "string",
                                          "namespace": "string"
                                        }
                                      ]
                                    }
                                  ],
                                  "tenancy": "string",
                                  "user": "string"
                                }
                              ],
                              "compartment": "string",
                              "encryptionKey": "string",
                              "principalType": "string",
                              "region": "string",
                              "serviceAccountRef": [
                                "object",
                                {
                                  "audiences": [
                                    "list",
                                    "string"
                                  ],
                                  "name": "string",
                                  "namespace": "string"
                                }
                              ],
                              "vault": "string"
                            }
                          ],
                          "pulumi": [
                            "object",
                            {
                              "accessToken": [
                                "object",
                                {
                                  "secretRef": [
                                    "object",
                                    {
                                      "key": "string",
                                      "name": "string",
                                      "namespace": "string"
                                    }
                                  ]
                                }
                              ],
                              "apiUrl": "string",
                              "environment": "string",
                              "organization": "string"
                            }
                          ],
                          "scaleway": [
                            "object",
                            {
                              "accessKey": [
                                "object",
                                {
                                  "secretRef": [
                                    "object",
                                    {
                                      "key": "string",
                                      "name": "string",
                                      "namespace": "string"
                                    }
                                  ],
                                  "value": "string"
                                }
                              ],
                              "apiUrl": "string",
                              "projectId": "string",
                              "region": "string",
                              "secretKey": [
                                "object",
                                {
                                  "secretRef": [
                                    "object",
                                    {
                                      "key": "string",
                                      "name": "string",
                                      "namespace": "string"
                                    }
                                  ],
                                  "value": "string"
                                }
                              ]
                            }
                          ],
                          "senhasegura": [
                            "object",
                            {
                              "auth": [
                                "object",
                                {
                                  "clientId": "string",
                                  "clientSecretSecretRef": [
                                    "object",
                                    {
                                      "key": "string",
                                      "name": "string",
                                      "namespace": "string"
                                    }
                                  ]
                                }
                              ],
                              "ignoreSslCertificate": "bool",
                              "module": "string",
                              "url": "string"
                            }
                          ],
                          "vault": [
                            "object",
                            {
                              "auth": [
                                "object",
                                {
                                  "appRole": [
                                    "object",
                                    {
                                      "path": "string",
                                      "roleId": "string",
                                      "roleRef": [
                                        "object",
                                        {
                                          "key": "string",
                                          "name": "string",
                                          "namespace": "string"
                                        }
                                      ],
                                      "secretRef": [
                                        "object",
                                        {
                                          "key": "string",
                                          "name": "string",
                                          "namespace": "string"
                                        }
                                      ]
                                    }
                                  ],
                                  "cert": [
                                    "object",
                                    {
                                      "clientCert": [
                                        "object",
                                        {
                                          "key": "string",
                                          "name": "string",
                                          "namespace": "string"
                                        }
                                      ],
                                      "secretRef": [
                                        "object",
                                        {
                                          "key": "string",
                                          "name": "string",
                                          "namespace": "string"
                                        }
                                      ]
                                    }
                                  ],
                                  "iam": [
                                    "object",
                                    {
                                      "externalID": "string",
                                      "jwt": [
                                        "object",
                                        {
                                          "serviceAccountRef": [
                                            "object",
                                            {
                                              "audiences": [
                                                "list",
                                                "string"
                                              ],
                                              "name": "string",
                                              "namespace": "string"
                                            }
                                          ]
                                        }
                                      ],
                                      "path": "string",
                                      "region": "string",
                                      "role": "string",
                                      "secretRef": [
                                        "object",
                                        {
                                          "accessKeyIDSecretRef": [
                                            "object",
                                            {
                                              "key": "string",
                                              "name": "string",
                                              "namespace": "string"
                                            }
                                          ],
                                          "secretAccessKeySecretRef": [
                                            "object",
                                            {
                                              "key": "string",
                                              "name": "string",
                                              "namespace": "string"
                                            }
                                          ],
                                          "sessionTokenSecretRef": [
                                            "object",
                                            {
                                              "key": "string",
                                              "name": "string",
                                              "namespace": "string"
                                            }
                                          ]
                                        }
                                      ],
                                      "vaultAwsIamServerID": "string",
                                      "vaultRole": "string"
                                    }
                                  ],
                                  "jwt": [
                                    "object",
                                    {
                                      "kubernetesServiceAccountToken": [
                                        "object",
                                        {
                                          "audiences": [
                                            "list",
                                            "string"
                                          ],
                                          "expirationSeconds": "number",
                                          "serviceAccountRef": [
                                            "object",
                                            {
                                              "audiences": [
                                                "list",
                                                "string"
                                              ],
                                              "name": "string",
                                              "namespace": "string"
                                            }
                                          ]
                                        }
                                      ],
                                      "path": "string",
                                      "role": "string",
                                      "secretRef": [
                                        "object",
                                        {
                                          "key": "string",
                                          "name": "string",
                                          "namespace": "string"
                                        }
                                      ]
                                    }
                                  ],
                                  "kubernetes": [
                                    "object",
                                    {
                                      "mountPath": "string",
                                      "role": "string",
                                      "secretRef": [
                                        "object",
                                        {
                                          "key": "string",
                                          "name": "string",
                                          "namespace": "string"
                                        }
                                      ],
                                      "serviceAccountRef": [
                                        "object",
                                        {
                                          "audiences": [
                                            "list",
                                            "string"
                                          ],
                                          "name": "string",
                                          "namespace": "string"
                                        }
                                      ]
                                    }
                                  ],
                                  "ldap": [
                                    "object",
                                    {
                                      "path": "string",
                                      "secretRef": [
                                        "object",
                                        {
                                          "key": "string",
                                          "name": "string",
                                          "namespace": "string"
                                        }
                                      ],
                                      "username": "string"
                                    }
                                  ],
                                  "tokenSecretRef": [
                                    "object",
                                    {
                                      "key": "string",
                                      "name": "string",
                                      "namespace": "string"
                                    }
                                  ],
                                  "userPass": [
                                    "object",
                                    {
                                      "path": "string",
                                      "secretRef": [
                                        "object",
                                        {
                                          "key": "string",
                                          "name": "string",
                                          "namespace": "string"
                                        }
                                      ],
                                      "username": "string"
                                    }
                                  ]
                                }
                              ],
                              "caBundle": "string",
                              "caProvider": [
                                "object",
                                {
                                  "key": "string",
                                  "name": "string",
                                  "namespace": "string",
                                  "type": "string"
                                }
                              ],
                              "forwardInconsistent": "bool",
                              "namespace": "string",
                              "path": "string",
                              "readYourWrites": "bool",
                              "server": "string",
                              "tls": [
                                "object",
                                {
                                  "certSecretRef": [
                                    "object",
                                    {
                                      "key": "string",
                                      "name": "string",
                                      "namespace": "string"
                                    }
                                  ],
                                  "keySecretRef": [
                                    "object",
                                    {
                                      "key": "string",
                                      "name": "string",
                                      "namespace": "string"
                                    }
                                  ]
                                }
                              ],
                              "version": "string"
                            }
                          ],
                          "webhook": [
                            "object",
                            {
                              "body": "string",
                              "caBundle": "string",
                              "caProvider": [
                                "object",
                                {
                                  "key": "string",
                                  "name": "string",
                                  "namespace": "string",
                                  "type": "string"
                                }
                              ],
                              "headers": [
                                "map",
                                "string"
                              ],
                              "method": "string",
                              "result": [
                                "object",
                                {
                                  "jsonPath": "string"
                                }
                              ],
                              "secrets": [
                                "list",
                                [
                                  "object",
                                  {
                                    "name": "string",
                                    "secretRef": [
                                      "object",
                                      {
                                        "key": "string",
                                        "name": "string",
                                        "namespace": "string"
                                      }
                                    ]
                                  }
                                ]
                              ],
                              "timeout": "string",
                              "url": "string"
                            }
                          ],
                          "yandexcertificatemanager": [
                            "object",
                            {
                              "apiEndpoint": "string",
                              "auth": [
                                "object",
                                {
                                  "authorizedKeySecretRef": [
                                    "object",
                                    {
                                      "key": "string",
                                      "name": "string",
                                      "namespace": "string"
                                    }
                                  ]
                                }
                              ],
                              "caProvider": [
                                "object",
                                {
                                  "certSecretRef": [
                                    "object",
                                    {
                                      "key": "string",
                                      "name": "string",
                                      "namespace": "string"
                                    }
                                  ]
                                }
                              ]
                            }
                          ],
                          "yandexlockbox": [
                            "object",
                            {
                              "apiEndpoint": "string",
                              "auth": [
                                "object",
                                {
                                  "authorizedKeySecretRef": [
                                    "object",
                                    {
                                      "key": "string",
                                      "name": "string",
                                      "namespace": "string"
                                    }
                                  ]
                                }
                              ],
                              "caProvider": [
                                "object",
                                {
                                  "certSecretRef": [
                                    "object",
                                    {
                                      "key": "string",
                                      "name": "string",
                                      "namespace": "string"
                                    }
                                  ]
                                }
                              ]
                            }
                          ]
                        }
                      ],
                      "refreshInterval": "number",
                      "retrySettings": [
                        "object",
                        {
                          "maxRetries": "number",
                          "retryInterval": "string"
                        }
                      ]
                    }
                  ]
                }
              ]
            },
            "timeouts": [],
            "wait": [],
            "wait_for": null
          },
          "sensitive_attributes": [],
          "dependencies": [
            "helm_release.external_secrets",
            "helm_release.longhorn",
            "helm_release.vault",
            "null_resource.k3s_master",
            "null_resource.k3s_workers"
          ]
        }
      ]
    },
    {
      "mode": "managed",
      "type": "kubernetes_manifest",
      "name": "vending_machine_app",
      "provider": "provider[\"registry.terraform.io/hashicorp/kubernetes\"]",
      "instances": [
        {
          "schema_version": 1,
          "attributes": {
            "computed_fields": null,
            "field_manager": [],
            "manifest": {
              "value": {
                "apiVersion": "argoproj.io/v1alpha1",
                "kind": "Application",
                "metadata": {
                  "annotations": {
                    "argocd-image-updater.argoproj.io/git-branch": "main",
                    "argocd-image-updater.argoproj.io/git-commit-email": "jirivasmo@gmail.com",
                    "argocd-image-updater.argoproj.io/git-commit-user": "ArgoCD Updater",
                    "argocd-image-updater.argoproj.io/image-list": "vending=jirivasm/vending-app:latest",
                    "argocd-image-updater.argoproj.io/vending.platforms": "linux/arm64/v8",
                    "argocd-image-updater.argoproj.io/vending.update-strategy": "digest",
                    "argocd-image-updater.argoproj.io/write-back-method": "git"
                  },
                  "labels": {
                    "argocd-image-updater.argoproj.io/enabled": "true"
                  },
                  "name": "vending-dev",
                  "namespace": "argocd"
                },
                "spec": {
                  "destination": {
                    "namespace": "vending-dev",
                    "server": "https://kubernetes.default.svc"
                  },
                  "project": "default",
                  "source": {
                    "path": "apps/vending-machine/overlays/dev",
                    "repoURL": "git@github.com:jirivasm/vending-infrastructure.git",
                    "targetRevision": "HEAD"
                  },
                  "syncPolicy": {
                    "automated": {
                      "prune": true,
                      "selfHeal": true
                    },
                    "syncOptions": [
                      "CreateNamespace=true"
                    ]
                  }
                }
              },
              "type": [
                "object",
                {
                  "apiVersion": "string",
                  "kind": "string",
                  "metadata": [
                    "object",
                    {
                      "annotations": [
                        "object",
                        {
                          "argocd-image-updater.argoproj.io/git-branch": "string",
                          "argocd-image-updater.argoproj.io/git-commit-email": "string",
                          "argocd-image-updater.argoproj.io/git-commit-user": "string",
                          "argocd-image-updater.argoproj.io/image-list": "string",
                          "argocd-image-updater.argoproj.io/vending.platforms": "string",
                          "argocd-image-updater.argoproj.io/vending.update-strategy": "string",
                          "argocd-image-updater.argoproj.io/write-back-method": "string"
                        }
                      ],
                      "labels": [
                        "object",
                        {
                          "argocd-image-updater.argoproj.io/enabled": "string"
                        }
                      ],
                      "name": "string",
                      "namespace": "string"
                    }
                  ],
                  "spec": [
                    "object",
                    {
                      "destination": [
                        "object",
                        {
                          "namespace": "string",
                          "server": "string"
                        }
                      ],
                      "project": "string",
                      "source": [
                        "object",
                        {
                          "path": "string",
                          "repoURL": "string",
                          "targetRevision": "string"
                        }
                      ],
                      "syncPolicy": [
                        "object",
                        {
                          "automated": [
                            "object",
                            {
                              "prune": "bool",
                              "selfHeal": "bool"
                            }
                          ],
                          "syncOptions": [
                            "tuple",
                            [
                              "string"
                            ]
                          ]
                        }
                      ]
                    }
                  ]
                }
              ]
            },
            "object": {
              "value": {
                "apiVersion": "argoproj.io/v1alpha1",
                "kind": "Application",
                "metadata": {
                  "annotations": {
                    "argocd-image-updater.argoproj.io/git-branch": "main",
                    "argocd-image-updater.argoproj.io/git-commit-email": "jirivasmo@gmail.com",
                    "argocd-image-updater.argoproj.io/git-commit-user": "ArgoCD Updater",
                    "argocd-image-updater.argoproj.io/image-list": "vending=jirivasm/vending-app:latest",
                    "argocd-image-updater.argoproj.io/vending.platforms": "linux/arm64/v8",
                    "argocd-image-updater.argoproj.io/vending.update-strategy": "digest",
                    "argocd-image-updater.argoproj.io/write-back-method": "git"
                  },
                  "creationTimestamp": null,
                  "deletionGracePeriodSeconds": null,
                  "deletionTimestamp": null,
                  "finalizers": null,
                  "generateName": null,
                  "generation": null,
                  "labels": {
                    "argocd-image-updater.argoproj.io/enabled": "true"
                  },
                  "managedFields": null,
                  "name": "vending-dev",
                  "namespace": "argocd",
                  "ownerReferences": null,
                  "resourceVersion": null,
                  "selfLink": null,
                  "uid": null
                },
                "operation": {
                  "info": null,
                  "initiatedBy": {
                    "automated": null,
                    "username": null
                  },
                  "retry": {
                    "backoff": {
                      "duration": null,
                      "factor": null,
                      "maxDuration": null
                    },
                    "limit": null
                  },
                  "sync": {
                    "dryRun": null,
                    "manifests": null,
                    "prune": null,
                    "resources": null,
                    "revision": null,
                    "revisions": null,
                    "source": {
                      "chart": null,
                      "directory": {
                        "exclude": null,
                        "include": null,
                        "jsonnet": {
                          "extVars": null,
                          "libs": null,
                          "tlas": null
                        },
                        "recurse": null
                      },
                      "helm": {
                        "fileParameters": null,
                        "ignoreMissingValueFiles": null,
                        "parameters": null,
                        "passCredentials": null,
                        "releaseName": null,
                        "skipCrds": null,
                        "valueFiles": null,
                        "values": null,
                        "valuesObject": null,
                        "version": null
                      },
                      "kustomize": {
                        "commonAnnotations": null,
                        "commonAnnotationsEnvsubst": null,
                        "commonLabels": null,
                        "components": null,
                        "forceCommonAnnotations": null,
                        "forceCommonLabels": null,
                        "images": null,
                        "labelWithoutSelector": null,
                        "namePrefix": null,
                        "nameSuffix": null,
                        "namespace": null,
                        "patches": null,
                        "replicas": null,
                        "version": null
                      },
                      "path": null,
                      "plugin": {
                        "env": null,
                        "name": null,
                        "parameters": null
                      },
                      "ref": null,
                      "repoURL": null,
                      "targetRevision": null
                    },
                    "sources": null,
                    "syncOptions": null,
                    "syncStrategy": {
                      "apply": {
                        "force": null
                      },
                      "hook": {
                        "force": null
                      }
                    }
                  }
                },
                "spec": {
                  "destination": {
                    "name": null,
                    "namespace": "vending-dev",
                    "server": "https://kubernetes.default.svc"
                  },
                  "ignoreDifferences": null,
                  "info": null,
                  "project": "default",
                  "revisionHistoryLimit": null,
                  "source": {
                    "chart": null,
                    "directory": {
                      "exclude": null,
                      "include": null,
                      "jsonnet": {
                        "extVars": null,
                        "libs": null,
                        "tlas": null
                      },
                      "recurse": null
                    },
                    "helm": {
                      "fileParameters": null,
                      "ignoreMissingValueFiles": null,
                      "parameters": null,
                      "passCredentials": null,
                      "releaseName": null,
                      "skipCrds": null,
                      "valueFiles": null,
                      "values": null,
                      "valuesObject": null,
                      "version": null
                    },
                    "kustomize": {
                      "commonAnnotations": null,
                      "commonAnnotationsEnvsubst": null,
                      "commonLabels": null,
                      "components": null,
                      "forceCommonAnnotations": null,
                      "forceCommonLabels": null,
                      "images": null,
                      "labelWithoutSelector": null,
                      "namePrefix": null,
                      "nameSuffix": null,
                      "namespace": null,
                      "patches": null,
                      "replicas": null,
                      "version": null
                    },
                    "path": "apps/vending-machine/overlays/dev",
                    "plugin": {
                      "env": null,
                      "name": null,
                      "parameters": null
                    },
                    "ref": null,
                    "repoURL": "git@github.com:jirivasm/vending-infrastructure.git",
                    "targetRevision": "HEAD"
                  },
                  "sources": null,
                  "syncPolicy": {
                    "automated": {
                      "allowEmpty": null,
                      "prune": true,
                      "selfHeal": true
                    },
                    "managedNamespaceMetadata": {
                      "annotations": null,
                      "labels": null
                    },
                    "retry": {
                      "backoff": {
                        "duration": null,
                        "factor": null,
                        "maxDuration": null
                      },
                      "limit": null
                    },
                    "syncOptions": [
                      "CreateNamespace=true"
                    ]
                  }
                }
              },
              "type": [
                "object",
                {
                  "apiVersion": "string",
                  "kind": "string",
                  "metadata": [
                    "object",
                    {
                      "annotations": [
                        "map",
                        "string"
                      ],
                      "creationTimestamp": "string",
                      "deletionGracePeriodSeconds": "number",
                      "deletionTimestamp": "string",
                      "finalizers": [
                        "list",
                        "string"
                      ],
                      "generateName": "string",
                      "generation": "number",
                      "labels": [
                        "map",
                        "string"
                      ],
                      "managedFields": [
                        "tuple",
                        [
                          [
                            "object",
                            {
                              "apiVersion": "string",
                              "fieldsType": "string",
                              "fieldsV1": "dynamic",
                              "manager": "string",
                              "operation": "string",
                              "subresource": "string",
                              "time": "string"
                            }
                          ]
                        ]
                      ],
                      "name": "string",
                      "namespace": "string",
                      "ownerReferences": [
                        "list",
                        [
                          "object",
                          {
                            "apiVersion": "string",
                            "blockOwnerDeletion": "bool",
                            "controller": "bool",
                            "kind": "string",
                            "name": "string",
                            "uid": "string"
                          }
                        ]
                      ],
                      "resourceVersion": "string",
                      "selfLink": "string",
                      "uid": "string"
                    }
                  ],
                  "operation": [
                    "object",
                    {
                      "info": [
                        "list",
                        [
                          "object",
                          {
                            "name": "string",
                            "value": "string"
                          }
                        ]
                      ],
                      "initiatedBy": [
                        "object",
                        {
                          "automated": "bool",
                          "username": "string"
                        }
                      ],
                      "retry": [
                        "object",
                        {
                          "backoff": [
                            "object",
                            {
                              "duration": "string",
                              "factor": "number",
                              "maxDuration": "string"
                            }
                          ],
                          "limit": "number"
                        }
                      ],
                      "sync": [
                        "object",
                        {
                          "dryRun": "bool",
                          "manifests": [
                            "list",
                            "string"
                          ],
                          "prune": "bool",
                          "resources": [
                            "list",
                            [
                              "object",
                              {
                                "group": "string",
                                "kind": "string",
                                "name": "string",
                                "namespace": "string"
                              }
                            ]
                          ],
                          "revision": "string",
                          "revisions": [
                            "list",
                            "string"
                          ],
                          "source": [
                            "object",
                            {
                              "chart": "string",
                              "directory": [
                                "object",
                                {
                                  "exclude": "string",
                                  "include": "string",
                                  "jsonnet": [
                                    "object",
                                    {
                                      "extVars": [
                                        "list",
                                        [
                                          "object",
                                          {
                                            "code": "bool",
                                            "name": "string",
                                            "value": "string"
                                          }
                                        ]
                                      ],
                                      "libs": [
                                        "list",
                                        "string"
                                      ],
                                      "tlas": [
                                        "list",
                                        [
                                          "object",
                                          {
                                            "code": "bool",
                                            "name": "string",
                                            "value": "string"
                                          }
                                        ]
                                      ]
                                    }
                                  ],
                                  "recurse": "bool"
                                }
                              ],
                              "helm": [
                                "object",
                                {
                                  "fileParameters": [
                                    "list",
                                    [
                                      "object",
                                      {
                                        "name": "string",
                                        "path": "string"
                                      }
                                    ]
                                  ],
                                  "ignoreMissingValueFiles": "bool",
                                  "parameters": [
                                    "list",
                                    [
                                      "object",
                                      {
                                        "forceString": "bool",
                                        "name": "string",
                                        "value": "string"
                                      }
                                    ]
                                  ],
                                  "passCredentials": "bool",
                                  "releaseName": "string",
                                  "skipCrds": "bool",
                                  "valueFiles": [
                                    "list",
                                    "string"
                                  ],
                                  "values": "string",
                                  "valuesObject": "dynamic",
                                  "version": "string"
                                }
                              ],
                              "kustomize": [
                                "object",
                                {
                                  "commonAnnotations": [
                                    "map",
                                    "string"
                                  ],
                                  "commonAnnotationsEnvsubst": "bool",
                                  "commonLabels": [
                                    "map",
                                    "string"
                                  ],
                                  "components": [
                                    "list",
                                    "string"
                                  ],
                                  "forceCommonAnnotations": "bool",
                                  "forceCommonLabels": "bool",
                                  "images": [
                                    "list",
                                    "string"
                                  ],
                                  "labelWithoutSelector": "bool",
                                  "namePrefix": "string",
                                  "nameSuffix": "string",
                                  "namespace": "string",
                                  "patches": [
                                    "list",
                                    [
                                      "object",
                                      {
                                        "options": [
                                          "map",
                                          "bool"
                                        ],
                                        "patch": "string",
                                        "path": "string",
                                        "target": [
                                          "object",
                                          {
                                            "annotationSelector": "string",
                                            "group": "string",
                                            "kind": "string",
                                            "labelSelector": "string",
                                            "name": "string",
                                            "namespace": "string",
                                            "version": "string"
                                          }
                                        ]
                                      }
                                    ]
                                  ],
                                  "replicas": [
                                    "list",
                                    [
                                      "object",
                                      {
                                        "count": "string",
                                        "name": "string"
                                      }
                                    ]
                                  ],
                                  "version": "string"
                                }
                              ],
                              "path": "string",
                              "plugin": [
                                "object",
                                {
                                  "env": [
                                    "list",
                                    [
                                      "object",
                                      {
                                        "name": "string",
                                        "value": "string"
                                      }
                                    ]
                                  ],
                                  "name": "string",
                                  "parameters": [
                                    "list",
                                    [
                                      "object",
                                      {
                                        "array": [
                                          "list",
                                          "string"
                                        ],
                                        "map": [
                                          "map",
                                          "string"
                                        ],
                                        "name": "string",
                                        "string": "string"
                                      }
                                    ]
                                  ]
                                }
                              ],
                              "ref": "string",
                              "repoURL": "string",
                              "targetRevision": "string"
                            }
                          ],
                          "sources": [
                            "tuple",
                            [
                              [
                                "object",
                                {
                                  "chart": "string",
                                  "directory": [
                                    "object",
                                    {
                                      "exclude": "string",
                                      "include": "string",
                                      "jsonnet": [
                                        "object",
                                        {
                                          "extVars": [
                                            "list",
                                            [
                                              "object",
                                              {
                                                "code": "bool",
                                                "name": "string",
                                                "value": "string"
                                              }
                                            ]
                                          ],
                                          "libs": [
                                            "list",
                                            "string"
                                          ],
                                          "tlas": [
                                            "list",
                                            [
                                              "object",
                                              {
                                                "code": "bool",
                                                "name": "string",
                                                "value": "string"
                                              }
                                            ]
                                          ]
                                        }
                                      ],
                                      "recurse": "bool"
                                    }
                                  ],
                                  "helm": [
                                    "object",
                                    {
                                      "fileParameters": [
                                        "list",
                                        [
                                          "object",
                                          {
                                            "name": "string",
                                            "path": "string"
                                          }
                                        ]
                                      ],
                                      "ignoreMissingValueFiles": "bool",
                                      "parameters": [
                                        "list",
                                        [
                                          "object",
                                          {
                                            "forceString": "bool",
                                            "name": "string",
                                            "value": "string"
                                          }
                                        ]
                                      ],
                                      "passCredentials": "bool",
                                      "releaseName": "string",
                                      "skipCrds": "bool",
                                      "valueFiles": [
                                        "list",
                                        "string"
                                      ],
                                      "values": "string",
                                      "valuesObject": "dynamic",
                                      "version": "string"
                                    }
                                  ],
                                  "kustomize": [
                                    "object",
                                    {
                                      "commonAnnotations": [
                                        "map",
                                        "string"
                                      ],
                                      "commonAnnotationsEnvsubst": "bool",
                                      "commonLabels": [
                                        "map",
                                        "string"
                                      ],
                                      "components": [
                                        "list",
                                        "string"
                                      ],
                                      "forceCommonAnnotations": "bool",
                                      "forceCommonLabels": "bool",
                                      "images": [
                                        "list",
                                        "string"
                                      ],
                                      "labelWithoutSelector": "bool",
                                      "namePrefix": "string",
                                      "nameSuffix": "string",
                                      "namespace": "string",
                                      "patches": [
                                        "list",
                                        [
                                          "object",
                                          {
                                            "options": [
                                              "map",
                                              "bool"
                                            ],
                                            "patch": "string",
                                            "path": "string",
                                            "target": [
                                              "object",
                                              {
                                                "annotationSelector": "string",
                                                "group": "string",
                                                "kind": "string",
                                                "labelSelector": "string",
                                                "name": "string",
                                                "namespace": "string",
                                                "version": "string"
                                              }
                                            ]
                                          }
                                        ]
                                      ],
                                      "replicas": [
                                        "list",
                                        [
                                          "object",
                                          {
                                            "count": "string",
                                            "name": "string"
                                          }
                                        ]
                                      ],
                                      "version": "string"
                                    }
                                  ],
                                  "path": "string",
                                  "plugin": [
                                    "object",
                                    {
                                      "env": [
                                        "list",
                                        [
                                          "object",
                                          {
                                            "name": "string",
                                            "value": "string"
                                          }
                                        ]
                                      ],
                                      "name": "string",
                                      "parameters": [
                                        "list",
                                        [
                                          "object",
                                          {
                                            "array": [
                                              "list",
                                              "string"
                                            ],
                                            "map": [
                                              "map",
                                              "string"
                                            ],
                                            "name": "string",
                                            "string": "string"
                                          }
                                        ]
                                      ]
                                    }
                                  ],
                                  "ref": "string",
                                  "repoURL": "string",
                                  "targetRevision": "string"
                                }
                              ]
                            ]
                          ],
                          "syncOptions": [
                            "list",
                            "string"
                          ],
                          "syncStrategy": [
                            "object",
                            {
                              "apply": [
                                "object",
                                {
                                  "force": "bool"
                                }
                              ],
                              "hook": [
                                "object",
                                {
                                  "force": "bool"
                                }
                              ]
                            }
                          ]
                        }
                      ]
                    }
                  ],
                  "spec": [
                    "object",
                    {
                      "destination": [
                        "object",
                        {
                          "name": "string",
                          "namespace": "string",
                          "server": "string"
                        }
                      ],
                      "ignoreDifferences": [
                        "list",
                        [
                          "object",
                          {
                            "group": "string",
                            "jqPathExpressions": [
                              "list",
                              "string"
                            ],
                            "jsonPointers": [
                              "list",
                              "string"
                            ],
                            "kind": "string",
                            "managedFieldsManagers": [
                              "list",
                              "string"
                            ],
                            "name": "string",
                            "namespace": "string"
                          }
                        ]
                      ],
                      "info": [
                        "list",
                        [
                          "object",
                          {
                            "name": "string",
                            "value": "string"
                          }
                        ]
                      ],
                      "project": "string",
                      "revisionHistoryLimit": "number",
                      "source": [
                        "object",
                        {
                          "chart": "string",
                          "directory": [
                            "object",
                            {
                              "exclude": "string",
                              "include": "string",
                              "jsonnet": [
                                "object",
                                {
                                  "extVars": [
                                    "list",
                                    [
                                      "object",
                                      {
                                        "code": "bool",
                                        "name": "string",
                                        "value": "string"
                                      }
                                    ]
                                  ],
                                  "libs": [
                                    "list",
                                    "string"
                                  ],
                                  "tlas": [
                                    "list",
                                    [
                                      "object",
                                      {
                                        "code": "bool",
                                        "name": "string",
                                        "value": "string"
                                      }
                                    ]
                                  ]
                                }
                              ],
                              "recurse": "bool"
                            }
                          ],
                          "helm": [
                            "object",
                            {
                              "fileParameters": [
                                "list",
                                [
                                  "object",
                                  {
                                    "name": "string",
                                    "path": "string"
                                  }
                                ]
                              ],
                              "ignoreMissingValueFiles": "bool",
                              "parameters": [
                                "list",
                                [
                                  "object",
                                  {
                                    "forceString": "bool",
                                    "name": "string",
                                    "value": "string"
                                  }
                                ]
                              ],
                              "passCredentials": "bool",
                              "releaseName": "string",
                              "skipCrds": "bool",
                              "valueFiles": [
                                "list",
                                "string"
                              ],
                              "values": "string",
                              "valuesObject": "dynamic",
                              "version": "string"
                            }
                          ],
                          "kustomize": [
                            "object",
                            {
                              "commonAnnotations": [
                                "map",
                                "string"
                              ],
                              "commonAnnotationsEnvsubst": "bool",
                              "commonLabels": [
                                "map",
                                "string"
                              ],
                              "components": [
                                "list",
                                "string"
                              ],
                              "forceCommonAnnotations": "bool",
                              "forceCommonLabels": "bool",
                              "images": [
                                "list",
                                "string"
                              ],
                              "labelWithoutSelector": "bool",
                              "namePrefix": "string",
                              "nameSuffix": "string",
                              "namespace": "string",
                              "patches": [
                                "list",
                                [
                                  "object",
                                  {
                                    "options": [
                                      "map",
                                      "bool"
                                    ],
                                    "patch": "string",
                                    "path": "string",
                                    "target": [
                                      "object",
                                      {
                                        "annotationSelector": "string",
                                        "group": "string",
                                        "kind": "string",
                                        "labelSelector": "string",
                                        "name": "string",
                                        "namespace": "string",
                                        "version": "string"
                                      }
                                    ]
                                  }
                                ]
                              ],
                              "replicas": [
                                "list",
                                [
                                  "object",
                                  {
                                    "count": "string",
                                    "name": "string"
                                  }
                                ]
                              ],
                              "version": "string"
                            }
                          ],
                          "path": "string",
                          "plugin": [
                            "object",
                            {
                              "env": [
                                "list",
                                [
                                  "object",
                                  {
                                    "name": "string",
                                    "value": "string"
                                  }
                                ]
                              ],
                              "name": "string",
                              "parameters": [
                                "list",
                                [
                                  "object",
                                  {
                                    "array": [
                                      "list",
                                      "string"
                                    ],
                                    "map": [
                                      "map",
                                      "string"
                                    ],
                                    "name": "string",
                                    "string": "string"
                                  }
                                ]
                              ]
                            }
                          ],
                          "ref": "string",
                          "repoURL": "string",
                          "targetRevision": "string"
                        }
                      ],
                      "sources": [
                        "tuple",
                        [
                          [
                            "object",
                            {
                              "chart": "string",
                              "directory": [
                                "object",
                                {
                                  "exclude": "string",
                                  "include": "string",
                                  "jsonnet": [
                                    "object",
                                    {
                                      "extVars": [
                                        "list",
                                        [
                                          "object",
                                          {
                                            "code": "bool",
                                            "name": "string",
                                            "value": "string"
                                          }
                                        ]
                                      ],
                                      "libs": [
                                        "list",
                                        "string"
                                      ],
                                      "tlas": [
                                        "list",
                                        [
                                          "object",
                                          {
                                            "code": "bool",
                                            "name": "string",
                                            "value": "string"
                                          }
                                        ]
                                      ]
                                    }
                                  ],
                                  "recurse": "bool"
                                }
                              ],
                              "helm": [
                                "object",
                                {
                                  "fileParameters": [
                                    "list",
                                    [
                                      "object",
                                      {
                                        "name": "string",
                                        "path": "string"
                                      }
                                    ]
                                  ],
                                  "ignoreMissingValueFiles": "bool",
                                  "parameters": [
                                    "list",
                                    [
                                      "object",
                                      {
                                        "forceString": "bool",
                                        "name": "string",
                                        "value": "string"
                                      }
                                    ]
                                  ],
                                  "passCredentials": "bool",
                                  "releaseName": "string",
                                  "skipCrds": "bool",
                                  "valueFiles": [
                                    "list",
                                    "string"
                                  ],
                                  "values": "string",
                                  "valuesObject": "dynamic",
                                  "version": "string"
                                }
                              ],
                              "kustomize": [
                                "object",
                                {
                                  "commonAnnotations": [
                                    "map",
                                    "string"
                                  ],
                                  "commonAnnotationsEnvsubst": "bool",
                                  "commonLabels": [
                                    "map",
                                    "string"
                                  ],
                                  "components": [
                                    "list",
                                    "string"
                                  ],
                                  "forceCommonAnnotations": "bool",
                                  "forceCommonLabels": "bool",
                                  "images": [
                                    "list",
                                    "string"
                                  ],
                                  "labelWithoutSelector": "bool",
                                  "namePrefix": "string",
                                  "nameSuffix": "string",
                                  "namespace": "string",
                                  "patches": [
                                    "list",
                                    [
                                      "object",
                                      {
                                        "options": [
                                          "map",
                                          "bool"
                                        ],
                                        "patch": "string",
                                        "path": "string",
                                        "target": [
                                          "object",
                                          {
                                            "annotationSelector": "string",
                                            "group": "string",
                                            "kind": "string",
                                            "labelSelector": "string",
                                            "name": "string",
                                            "namespace": "string",
                                            "version": "string"
                                          }
                                        ]
                                      }
                                    ]
                                  ],
                                  "replicas": [
                                    "list",
                                    [
                                      "object",
                                      {
                                        "count": "string",
                                        "name": "string"
                                      }
                                    ]
                                  ],
                                  "version": "string"
                                }
                              ],
                              "path": "string",
                              "plugin": [
                                "object",
                                {
                                  "env": [
                                    "list",
                                    [
                                      "object",
                                      {
                                        "name": "string",
                                        "value": "string"
                                      }
                                    ]
                                  ],
                                  "name": "string",
                                  "parameters": [
                                    "list",
                                    [
                                      "object",
                                      {
                                        "array": [
                                          "list",
                                          "string"
                                        ],
                                        "map": [
                                          "map",
                                          "string"
                                        ],
                                        "name": "string",
                                        "string": "string"
                                      }
                                    ]
                                  ]
                                }
                              ],
                              "ref": "string",
                              "repoURL": "string",
                              "targetRevision": "string"
                            }
                          ]
                        ]
                      ],
                      "syncPolicy": [
                        "object",
                        {
                          "automated": [
                            "object",
                            {
                              "allowEmpty": "bool",
                              "prune": "bool",
                              "selfHeal": "bool"
                            }
                          ],
                          "managedNamespaceMetadata": [
                            "object",
                            {
                              "annotations": [
                                "map",
                                "string"
                              ],
                              "labels": [
                                "map",
                                "string"
                              ]
                            }
                          ],
                          "retry": [
                            "object",
                            {
                              "backoff": [
                                "object",
                                {
                                  "duration": "string",
                                  "factor": "number",
                                  "maxDuration": "string"
                                }
                              ],
                              "limit": "number"
                            }
                          ],
                          "syncOptions": [
                            "list",
                            "string"
                          ]
                        }
                      ]
                    }
                  ]
                }
              ]
            },
            "timeouts": [],
            "wait": [],
            "wait_for": null
          },
          "sensitive_attributes": [],
          "dependencies": [
            "helm_release.external_secrets",
            "helm_release.longhorn",
            "helm_release.vault",
            "kubernetes_manifest.github_external_secret",
            "kubernetes_manifest.vault_backend",
            "null_resource.k3s_master",
            "null_resource.k3s_workers"
          ]
        }
      ]
    },
    {
      "mode": "managed",
      "type": "kubernetes_namespace",
      "name": "networking",
      "provider": "provider[\"registry.terraform.io/hashicorp/kubernetes\"]",
      "instances": [
        {
          "schema_version": 0,
          "attributes": {
            "id": "networking",
            "metadata": [
              {
                "annotations": {},
                "generate_name": "",
                "generation": 0,
                "labels": {},
                "name": "networking",
                "resource_version": "13183",
                "uid": "436b4e36-3950-4664-a62b-28e1a38fea2b"
              }
            ],
            "timeouts": null,
            "wait_for_default_service_account": false
          },
          "sensitive_attributes": [],
          "private": "eyJlMmJmYjczMC1lY2FhLTExZTYtOGY4OC0zNDM2M2JjN2M0YzAiOnsiZGVsZXRlIjozMDAwMDAwMDAwMDB9fQ=="
        }
      ]
    },
    {
      "mode": "managed",
      "type": "kubernetes_secret",
      "name": "cloudflare_token",
      "provider": "provider[\"registry.terraform.io/hashicorp/kubernetes\"]",
      "instances": [
        {
          "schema_version": 0,
          "attributes": {
            "binary_data": null,
            "data": {
              "token": "eyJhIjoiMWRlOGE3NzA0MTlkYzVkYThkOTUyZDBiNzA3ZjU2NmQiLCJ0IjoiZjM4MTgxYzgtZTdhMS00ZjY2LThkMzQtMjI4NDNiMzgwYmRmIiwicyI6IllUUTNZMlV5TTJVdE1UbGlNQzAwTXpjekxXSmhZakF0WXpkaFpHSTBaREF4TXpGaSJ9"
            },
            "id": "networking/cloudflare-tunnel-token",
            "immutable": false,
            "metadata": [
              {
                "annotations": {},
                "generate_name": "",
                "generation": 0,
                "labels": {},
                "name": "cloudflare-tunnel-token",
                "namespace": "networking",
                "resource_version": "13186",
                "uid": "fda2ecac-1e30-44cc-aa80-657c4f4b471e"
              }
            ],
            "timeouts": null,
            "type": "Opaque",
            "wait_for_service_account_token": true
          },
          "sensitive_attributes": [
            [
              {
                "type": "get_attr",
                "value": "data"
              },
              {
                "type": "index",
                "value": {
                  "value": "token",
                  "type": "string"
                }
              }
            ]
          ],
          "private": "eyJlMmJmYjczMC1lY2FhLTExZTYtOGY4OC0zNDM2M2JjN2M0YzAiOnsiY3JlYXRlIjo2MDAwMDAwMDAwMH19",
          "dependencies": [
            "kubernetes_namespace.networking"
          ]
        }
      ]
    },
    {
      "mode": "managed",
      "type": "null_resource",
      "name": "k3s_master",
      "provider": "provider[\"registry.terraform.io/hashicorp/null\"]",
      "instances": [
        {
          "schema_version": 0,
          "attributes": {
            "id": "3925613286092710677",
            "triggers": {
              "master_ip": "10.0.0.108"
            }
          },
          "sensitive_attributes": []
        }
      ]
    },
    {
      "mode": "managed",
      "type": "null_resource",
      "name": "k3s_workers",
      "provider": "provider[\"registry.terraform.io/hashicorp/null\"]",
      "instances": [
        {
          "index_key": 0,
          "schema_version": 0,
          "attributes": {
            "id": "7322818596754125449",
            "triggers": null
          },
          "sensitive_attributes": [],
          "dependencies": [
            "null_resource.k3s_master"
          ]
        },
        {
          "index_key": 1,
          "schema_version": 0,
          "attributes": {
            "id": "1257750543182402814",
            "triggers": null
          },
          "sensitive_attributes": [],
          "dependencies": [
            "null_resource.k3s_master"
          ]
        }
      ]
    }
  ],
  "check_results": null
}
